{
  "version": 4,
  "terraform_version": "1.14.8",
  "serial": 82,
  "lineage": "9432cc8b-0d43-1167-316d-b05babeea681",
  "outputs": {
    "alb_endpoint": {
      "value": "http://order-pipeline-dev-alb-1962831204.us-east-1.elb.amazonaws.com",
      "type": "string"
    },
    "api_endpoint": {
      "value": "https://dv7ccgkeqh.execute-api.us-east-1.amazonaws.com/dev/orders",
      "type": "string"
    },
    "asg_name": {
      "value": "order-pipeline-dev-asg",
      "type": "string"
    },
    "cloudwatch_dashboard": {
      "value": "https://console.aws.amazon.com/cloudwatch/home#dashboards:name=order-pipeline-dev-overview",
      "type": "string"
    },
    "dlq_url": {
      "value": "https://sqs.us-east-1.amazonaws.com/688933602116/order-pipeline-orders-dev-dlq",
      "type": "string"
    },
    "dynamodb_table_name": {
      "value": "order-pipeline-orders-dev",
      "type": "string"
    },
    "lambda_intake_log_group": {
      "value": "/aws/lambda/order-pipeline-order-intake-dev",
      "type": "string"
    },
    "lambda_processor_log_group": {
      "value": "/aws/lambda/order-pipeline-order-processor-dev",
      "type": "string"
    },
    "sqs_queue_url": {
      "value": "https://sqs.us-east-1.amazonaws.com/688933602116/order-pipeline-orders-dev",
      "type": "string"
    }
  },
  "resources": [
    {
      "mode": "data",
      "type": "archive_file",
      "name": "order_intake",
      "provider": "provider[\"registry.terraform.io/hashicorp/archive\"]",
      "instances": [
        {
          "schema_version": 0,
          "attributes": {
            "exclude_symlink_directories": null,
            "excludes": null,
            "id": "c80be09a5562d49f6d02db89bcabded9482c310e",
            "output_base64sha256": "dPVAWdcT5iDpzjBHtlPlpM2KrcZVaDKJT7IiDQpDceI=",
            "output_base64sha512": "LEgd2NE4UjcSNWeWqtTC6kVcVGagAYMDilmZqlioBiZndUfzoBJnxiIp6Fc14Xz51VRsVZ7hyBQJvJUa8LpvLg==",
            "output_file_mode": null,
            "output_md5": "8bb44db6cd13c12da81bbef334b3f846",
            "output_path": "./builds/order_intake.zip",
            "output_sha": "c80be09a5562d49f6d02db89bcabded9482c310e",
            "output_sha256": "74f54059d713e620e9ce3047b653e5a4cd8aadc6556832894fb2220d0a4371e2",
            "output_sha512": "2c481dd8d138523712356796aad4c2ea455c5466a00183038a5999aa58a80626677547f3a01267c62229e85735e17cf9d5546c559ee1c81409bc951af0ba6f2e",
            "output_size": 1042,
            "source": [],
            "source_content": null,
            "source_content_filename": null,
            "source_dir": "./lambdas/order_intake",
            "source_file": null,
            "type": "zip"
          },
          "sensitive_attributes": [],
          "identity_schema_version": 0
        }
      ]
    },
    {
      "mode": "data",
      "type": "archive_file",
      "name": "order_processor",
      "provider": "provider[\"registry.terraform.io/hashicorp/archive\"]",
      "instances": [
        {
          "schema_version": 0,
          "attributes": {
            "exclude_symlink_directories": null,
            "excludes": null,
            "id": "d6e3b73475af408ddb77fb652fcac63d4ee8203c",
            "output_base64sha256": "xpCk1vScrDiSJm0Aosdfk0t0Rud76w9G7Oc5tu4wCsg=",
            "output_base64sha512": "im6hVD3rsdqPSFCEAPh9kPV2I3g+91FDotQiiu4NrMc/batR2g6WKl92bU8+93Czyw/dGXy6nfld1qYITylyRA==",
            "output_file_mode": null,
            "output_md5": "c249ae00d36c8d22063fe71c1400c2d1",
            "output_path": "./builds/order_processor.zip",
            "output_sha": "d6e3b73475af408ddb77fb652fcac63d4ee8203c",
            "output_sha256": "c690a4d6f49cac3892266d00a2c75f934b7446e77beb0f46ece739b6ee300ac8",
            "output_sha512": "8a6ea1543debb1da8f48508400f87d90f57623783ef75143a2d4228aee0dacc73f6dab51da0e962a5f766d4f3ef770b3cb0fdd197cba9df95dd6a6084f297244",
            "output_size": 3198,
            "source": [],
            "source_content": null,
            "source_content_filename": null,
            "source_dir": "./lambdas/order_processor",
            "source_file": null,
            "type": "zip"
          },
          "sensitive_attributes": [],
          "identity_schema_version": 0
        }
      ]
    },
    {
      "module": "module.alb",
      "mode": "data",
      "type": "aws_subnets",
      "name": "default",
      "provider": "provider[\"registry.terraform.io/hashicorp/aws\"]",
      "instances": [
        {
          "schema_version": 0,
          "attributes": {
            "filter": [
              {
                "name": "availabilityZone",
                "values": [
                  "us-east-1a",
                  "us-east-1b",
                  "us-east-1c",
                  "us-east-1d",
                  "us-east-1f"
                ]
              },
              {
                "name": "vpc-id",
                "values": [
                  "vpc-01a3397236fb64163"
                ]
              }
            ],
            "id": "us-east-1",
            "ids": [
              "subnet-01a46241b4f4ab610",
              "subnet-04117735f47ecbdc9",
              "subnet-083c3561a6ca8de8e",
              "subnet-0c8c8709abed908e6",
              "subnet-04d8d5def61de2fe6"
            ],
            "tags": null,
            "timeouts": null
          },
          "sensitive_attributes": [],
          "identity_schema_version": 0
        }
      ]
    },
    {
      "module": "module.alb",
      "mode": "data",
      "type": "aws_vpc",
      "name": "default",
      "provider": "provider[\"registry.terraform.io/hashicorp/aws\"]",
      "instances": [
        {
          "schema_version": 0,
          "attributes": {
            "arn": "arn:aws:ec2:us-east-1:688933602116:vpc/vpc-01a3397236fb64163",
            "cidr_block": "172.31.0.0/16",
            "cidr_block_associations": [
              {
                "association_id": "vpc-cidr-assoc-09d571e3faec95e61",
                "cidr_block": "172.31.0.0/16",
                "state": "associated"
              }
            ],
            "default": true,
            "dhcp_options_id": "dopt-0d177b62b30e923eb",
            "enable_dns_hostnames": true,
            "enable_dns_support": true,
            "enable_network_address_usage_metrics": false,
            "filter": null,
            "id": "vpc-01a3397236fb64163",
            "instance_tenancy": "default",
            "ipv6_association_id": "",
            "ipv6_cidr_block": "",
            "main_route_table_id": "rtb-095261a5de0e23098",
            "owner_id": "688933602116",
            "state": null,
            "tags": {},
            "timeouts": null
          },
          "sensitive_attributes": [],
          "identity_schema_version": 0
        }
      ]
    },
    {
      "module": "module.alb",
      "mode": "managed",
      "type": "aws_lb",
      "name": "this",
      "provider": "provider[\"registry.terraform.io/hashicorp/aws\"]",
      "instances": [
        {
          "schema_version": 0,
          "attributes": {
            "access_logs": [
              {
                "bucket": "",
                "enabled": false,
                "prefix": ""
              }
            ],
            "arn": "arn:aws:elasticloadbalancing:us-east-1:688933602116:loadbalancer/app/order-pipeline-dev-alb/1fb4daaf2b7936b6",
            "arn_suffix": "app/order-pipeline-dev-alb/1fb4daaf2b7936b6",
            "client_keep_alive": 3600,
            "connection_logs": [
              {
                "bucket": "",
                "enabled": false,
                "prefix": ""
              }
            ],
            "customer_owned_ipv4_pool": "",
            "desync_mitigation_mode": "defensive",
            "dns_name": "order-pipeline-dev-alb-1962831204.us-east-1.elb.amazonaws.com",
            "dns_record_client_routing_policy": null,
            "drop_invalid_header_fields": false,
            "enable_cross_zone_load_balancing": true,
            "enable_deletion_protection": false,
            "enable_http2": true,
            "enable_tls_version_and_cipher_suite_headers": false,
            "enable_waf_fail_open": false,
            "enable_xff_client_port": false,
            "enable_zonal_shift": false,
            "enforce_security_group_inbound_rules_on_private_link_traffic": "",
            "id": "arn:aws:elasticloadbalancing:us-east-1:688933602116:loadbalancer/app/order-pipeline-dev-alb/1fb4daaf2b7936b6",
            "idle_timeout": 60,
            "internal": false,
            "ip_address_type": "ipv4",
            "ipam_pools": [],
            "load_balancer_type": "application",
            "minimum_load_balancer_capacity": [],
            "name": "order-pipeline-dev-alb",
            "name_prefix": "",
            "preserve_host_header": false,
            "security_groups": [
              "sg-0aa15b205e9960491"
            ],
            "subnet_mapping": [
              {
                "allocation_id": "",
                "ipv6_address": "",
                "outpost_id": "",
                "private_ipv4_address": "",
                "subnet_id": "subnet-01a46241b4f4ab610"
              },
              {
                "allocation_id": "",
                "ipv6_address": "",
                "outpost_id": "",
                "private_ipv4_address": "",
                "subnet_id": "subnet-04117735f47ecbdc9"
              },
              {
                "allocation_id": "",
                "ipv6_address": "",
                "outpost_id": "",
                "private_ipv4_address": "",
                "subnet_id": "subnet-04d8d5def61de2fe6"
              },
              {
                "allocation_id": "",
                "ipv6_address": "",
                "outpost_id": "",
                "private_ipv4_address": "",
                "subnet_id": "subnet-083c3561a6ca8de8e"
              },
              {
                "allocation_id": "",
                "ipv6_address": "",
                "outpost_id": "",
                "private_ipv4_address": "",
                "subnet_id": "subnet-0c8c8709abed908e6"
              }
            ],
            "subnets": [
              "subnet-01a46241b4f4ab610",
              "subnet-04117735f47ecbdc9",
              "subnet-04d8d5def61de2fe6",
              "subnet-083c3561a6ca8de8e",
              "subnet-0c8c8709abed908e6"
            ],
            "tags": {
              "Name": "order-pipeline-dev-alb"
            },
            "tags_all": {
              "Environment": "dev",
              "ManagedBy": "Terraform",
              "Name": "order-pipeline-dev-alb",
              "Project": "order-pipeline"
            },
            "timeouts": null,
            "vpc_id": "vpc-01a3397236fb64163",
            "xff_header_processing_mode": "append",
            "zone_id": "Z35SXDOTRQ7X7K"
          },
          "sensitive_attributes": [],
          "identity_schema_version": 0,
          "private": "eyJlMmJmYjczMC1lY2FhLTExZTYtOGY4OC0zNDM2M2JjN2M0YzAiOnsiY3JlYXRlIjo2MDAwMDAwMDAwMDAsImRlbGV0ZSI6NjAwMDAwMDAwMDAwLCJ1cGRhdGUiOjYwMDAwMDAwMDAwMH0sInNjaGVtYV92ZXJzaW9uIjoiMCJ9",
          "dependencies": [
            "module.alb.aws_security_group.alb",
            "module.alb.data.aws_subnets.default",
            "module.alb.data.aws_vpc.default"
          ]
        }
      ]
    },
    {
      "module": "module.alb",
      "mode": "managed",
      "type": "aws_lb_listener",
      "name": "http",
      "provider": "provider[\"registry.terraform.io/hashicorp/aws\"]",
      "instances": [
        {
          "schema_version": 0,
          "attributes": {
            "alpn_policy": null,
            "arn": "arn:aws:elasticloadbalancing:us-east-1:688933602116:listener/app/order-pipeline-dev-alb/1fb4daaf2b7936b6/b64a734d3d8d0831",
            "certificate_arn": null,
            "default_action": [
              {
                "authenticate_cognito": [],
                "authenticate_oidc": [],
                "fixed_response": [],
                "forward": [],
                "order": 1,
                "redirect": [],
                "target_group_arn": "arn:aws:elasticloadbalancing:us-east-1:688933602116:targetgroup/order-pipeline-dev-tg/4f4fdf1ff3515f39",
                "type": "forward"
              }
            ],
            "id": "arn:aws:elasticloadbalancing:us-east-1:688933602116:listener/app/order-pipeline-dev-alb/1fb4daaf2b7936b6/b64a734d3d8d0831",
            "load_balancer_arn": "arn:aws:elasticloadbalancing:us-east-1:688933602116:loadbalancer/app/order-pipeline-dev-alb/1fb4daaf2b7936b6",
            "mutual_authentication": [],
            "port": 80,
            "protocol": "HTTP",
            "routing_http_request_x_amzn_mtls_clientcert_header_name": null,
            "routing_http_request_x_amzn_mtls_clientcert_issuer_header_name": null,
            "routing_http_request_x_amzn_mtls_clientcert_leaf_header_name": null,
            "routing_http_request_x_amzn_mtls_clientcert_serial_number_header_name": null,
            "routing_http_request_x_amzn_mtls_clientcert_subject_header_name": null,
            "routing_http_request_x_amzn_mtls_clientcert_validity_header_name": null,
            "routing_http_request_x_amzn_tls_cipher_suite_header_name": null,
            "routing_http_request_x_amzn_tls_version_header_name": null,
            "routing_http_response_access_control_allow_credentials_header_value": "",
            "routing_http_response_access_control_allow_headers_header_value": "",
            "routing_http_response_access_control_allow_methods_header_value": "",
            "routing_http_response_access_control_allow_origin_header_value": "",
            "routing_http_response_access_control_expose_headers_header_value": "",
            "routing_http_response_access_control_max_age_header_value": "",
            "routing_http_response_content_security_policy_header_value": "",
            "routing_http_response_server_enabled": true,
            "routing_http_response_strict_transport_security_header_value": "",
            "routing_http_response_x_content_type_options_header_value": "",
            "routing_http_response_x_frame_options_header_value": "",
            "ssl_policy": "",
            "tags": {},
            "tags_all": {
              "Environment": "dev",
              "ManagedBy": "Terraform",
              "Project": "order-pipeline"
            },
            "tcp_idle_timeout_seconds": null,
            "timeouts": null
          },
          "sensitive_attributes": [],
          "identity_schema_version": 0,
          "private": "eyJlMmJmYjczMC1lY2FhLTExZTYtOGY4OC0zNDM2M2JjN2M0YzAiOnsiY3JlYXRlIjozMDAwMDAwMDAwMDAsInVwZGF0ZSI6MzAwMDAwMDAwMDAwfX0=",
          "dependencies": [
            "module.alb.aws_lb.this",
            "module.alb.aws_lb_target_group.this",
            "module.alb.aws_security_group.alb",
            "module.alb.data.aws_subnets.default",
            "module.alb.data.aws_vpc.default"
          ]
        }
      ]
    },
    {
      "module": "module.alb",
      "mode": "managed",
      "type": "aws_lb_target_group",
      "name": "this",
      "provider": "provider[\"registry.terraform.io/hashicorp/aws\"]",
      "instances": [
        {
          "schema_version": 0,
          "attributes": {
            "arn": "arn:aws:elasticloadbalancing:us-east-1:688933602116:targetgroup/order-pipeline-dev-tg/4f4fdf1ff3515f39",
            "arn_suffix": "targetgroup/order-pipeline-dev-tg/4f4fdf1ff3515f39",
            "connection_termination": null,
            "deregistration_delay": "300",
            "health_check": [
              {
                "enabled": true,
                "healthy_threshold": 2,
                "interval": 30,
                "matcher": "200",
                "path": "/health",
                "port": "traffic-port",
                "protocol": "HTTP",
                "timeout": 5,
                "unhealthy_threshold": 3
              }
            ],
            "id": "arn:aws:elasticloadbalancing:us-east-1:688933602116:targetgroup/order-pipeline-dev-tg/4f4fdf1ff3515f39",
            "ip_address_type": "ipv4",
            "lambda_multi_value_headers_enabled": null,
            "load_balancer_arns": [
              "arn:aws:elasticloadbalancing:us-east-1:688933602116:loadbalancer/app/order-pipeline-dev-alb/1fb4daaf2b7936b6"
            ],
            "load_balancing_algorithm_type": "round_robin",
            "load_balancing_anomaly_mitigation": "off",
            "load_balancing_cross_zone_enabled": "use_load_balancer_configuration",
            "name": "order-pipeline-dev-tg",
            "name_prefix": "",
            "port": 8080,
            "preserve_client_ip": null,
            "protocol": "HTTP",
            "protocol_version": "HTTP1",
            "proxy_protocol_v2": null,
            "slow_start": 0,
            "stickiness": [
              {
                "cookie_duration": 86400,
                "cookie_name": "",
                "enabled": false,
                "type": "lb_cookie"
              }
            ],
            "tags": {
              "Name": "order-pipeline-dev-tg"
            },
            "tags_all": {
              "Environment": "dev",
              "ManagedBy": "Terraform",
              "Name": "order-pipeline-dev-tg",
              "Project": "order-pipeline"
            },
            "target_failover": [
              {
                "on_deregistration": null,
                "on_unhealthy": null
              }
            ],
            "target_group_health": [
              {
                "dns_failover": [
                  {
                    "minimum_healthy_targets_count": "1",
                    "minimum_healthy_targets_percentage": "off"
                  }
                ],
                "unhealthy_state_routing": [
                  {
                    "minimum_healthy_targets_count": 1,
                    "minimum_healthy_targets_percentage": "off"
                  }
                ]
              }
            ],
            "target_health_state": [
              {
                "enable_unhealthy_connection_termination": null,
                "unhealthy_draining_interval": null
              }
            ],
            "target_type": "instance",
            "vpc_id": "vpc-01a3397236fb64163"
          },
          "sensitive_attributes": [],
          "identity_schema_version": 0,
          "private": "eyJzY2hlbWFfdmVyc2lvbiI6IjAifQ==",
          "dependencies": [
            "module.alb.data.aws_vpc.default"
          ]
        }
      ]
    },
    {
      "module": "module.alb",
      "mode": "managed",
      "type": "aws_security_group",
      "name": "alb",
      "provider": "provider[\"registry.terraform.io/hashicorp/aws\"]",
      "instances": [
        {
          "schema_version": 1,
          "attributes": {
            "arn": "arn:aws:ec2:us-east-1:688933602116:security-group/sg-0aa15b205e9960491",
            "description": "Allow HTTP inbound to the ALB from the internet",
            "egress": [
              {
                "cidr_blocks": [
                  "0.0.0.0/0"
                ],
                "description": "Allow all outbound (to reach EC2 instances)",
                "from_port": 0,
                "ipv6_cidr_blocks": [],
                "prefix_list_ids": [],
                "protocol": "-1",
                "security_groups": [],
                "self": false,
                "to_port": 0
              }
            ],
            "id": "sg-0aa15b205e9960491",
            "ingress": [
              {
                "cidr_blocks": [
                  "0.0.0.0/0"
                ],
                "description": "HTTP from anywhere",
                "from_port": 80,
                "ipv6_cidr_blocks": [],
                "prefix_list_ids": [],
                "protocol": "tcp",
                "security_groups": [],
                "self": false,
                "to_port": 80
              }
            ],
            "name": "order-pipeline-dev-alb-sg",
            "name_prefix": "",
            "owner_id": "688933602116",
            "revoke_rules_on_delete": null,
            "tags": {
              "Name": "order-pipeline-dev-alb-sg"
            },
            "tags_all": {
              "Environment": "dev",
              "ManagedBy": "Terraform",
              "Name": "order-pipeline-dev-alb-sg",
              "Project": "order-pipeline"
            },
            "timeouts": null,
            "vpc_id": "vpc-01a3397236fb64163"
          },
          "sensitive_attributes": [],
          "identity_schema_version": 0,
          "private": "eyJlMmJmYjczMC1lY2FhLTExZTYtOGY4OC0zNDM2M2JjN2M0YzAiOnsiY3JlYXRlIjo2MDAwMDAwMDAwMDAsImRlbGV0ZSI6OTAwMDAwMDAwMDAwfSwic2NoZW1hX3ZlcnNpb24iOiIxIn0=",
          "dependencies": [
            "module.alb.data.aws_vpc.default"
          ],
          "create_before_destroy": true
        }
      ]
    },
    {
      "module": "module.api_gateway",
      "mode": "managed",
      "type": "aws_api_gateway_deployment",
      "name": "this",
      "provider": "provider[\"registry.terraform.io/hashicorp/aws\"]",
      "instances": [
        {
          "schema_version": 0,
          "attributes": {
            "canary_settings": [],
            "created_date": "2026-05-27T09:32:41Z",
            "description": "",
            "execution_arn": "arn:aws:execute-api:us-east-1:688933602116:dv7ccgkeqh/",
            "id": "svgfpa",
            "invoke_url": "https://dv7ccgkeqh.execute-api.us-east-1.amazonaws.com/",
            "rest_api_id": "dv7ccgkeqh",
            "stage_description": null,
            "stage_name": null,
            "triggers": null,
            "variables": null
          },
          "sensitive_attributes": [],
          "identity_schema_version": 0,
          "private": "bnVsbA==",
          "dependencies": [
            "data.archive_file.order_intake",
            "module.api_gateway.aws_api_gateway_integration.lambda",
            "module.api_gateway.aws_api_gateway_method.post_order",
            "module.api_gateway.aws_api_gateway_resource.orders",
            "module.api_gateway.aws_api_gateway_rest_api.this",
            "module.dynamodb.aws_dynamodb_table.orders",
            "module.lambda.aws_iam_role.lambda_exec",
            "module.lambda.aws_lambda_function.this",
            "module.sqs.aws_sqs_queue.dlq",
            "module.sqs.aws_sqs_queue.orders"
          ],
          "create_before_destroy": true
        }
      ]
    },
    {
      "module": "module.api_gateway",
      "mode": "managed",
      "type": "aws_api_gateway_integration",
      "name": "lambda",
      "provider": "provider[\"registry.terraform.io/hashicorp/aws\"]",
      "instances": [
        {
          "schema_version": 0,
          "attributes": {
            "cache_key_parameters": [],
            "cache_namespace": "8z5gig",
            "connection_id": "",
            "connection_type": "INTERNET",
            "content_handling": "",
            "credentials": "",
            "http_method": "POST",
            "id": "agi-dv7ccgkeqh-8z5gig-POST",
            "integration_http_method": "POST",
            "passthrough_behavior": "WHEN_NO_MATCH",
            "request_parameters": {},
            "request_templates": {},
            "resource_id": "8z5gig",
            "rest_api_id": "dv7ccgkeqh",
            "timeout_milliseconds": 29000,
            "tls_config": [],
            "type": "AWS_PROXY",
            "uri": "arn:aws:apigateway:us-east-1:lambda:path/2015-03-31/functions/arn:aws:lambda:us-east-1:688933602116:function:order-pipeline-order-intake-dev/invocations"
          },
          "sensitive_attributes": [],
          "identity_schema_version": 0,
          "private": "bnVsbA==",
          "dependencies": [
            "data.archive_file.order_intake",
            "module.api_gateway.aws_api_gateway_method.post_order",
            "module.api_gateway.aws_api_gateway_resource.orders",
            "module.api_gateway.aws_api_gateway_rest_api.this",
            "module.dynamodb.aws_dynamodb_table.orders",
            "module.lambda.aws_iam_role.lambda_exec",
            "module.lambda.aws_lambda_function.this",
            "module.sqs.aws_sqs_queue.dlq",
            "module.sqs.aws_sqs_queue.orders"
          ],
          "create_before_destroy": true
        }
      ]
    },
    {
      "module": "module.api_gateway",
      "mode": "managed",
      "type": "aws_api_gateway_method",
      "name": "post_order",
      "provider": "provider[\"registry.terraform.io/hashicorp/aws\"]",
      "instances": [
        {
          "schema_version": 0,
          "attributes": {
            "api_key_required": false,
            "authorization": "NONE",
            "authorization_scopes": [],
            "authorizer_id": "",
            "http_method": "POST",
            "id": "agm-dv7ccgkeqh-8z5gig-POST",
            "operation_name": "",
            "request_models": {},
            "request_parameters": {},
            "request_validator_id": "",
            "resource_id": "8z5gig",
            "rest_api_id": "dv7ccgkeqh"
          },
          "sensitive_attributes": [],
          "identity_schema_version": 0,
          "private": "bnVsbA==",
          "dependencies": [
            "module.api_gateway.aws_api_gateway_resource.orders",
            "module.api_gateway.aws_api_gateway_rest_api.this"
          ],
          "create_before_destroy": true
        }
      ]
    },
    {
      "module": "module.api_gateway",
      "mode": "managed",
      "type": "aws_api_gateway_resource",
      "name": "orders",
      "provider": "provider[\"registry.terraform.io/hashicorp/aws\"]",
      "instances": [
        {
          "schema_version": 0,
          "attributes": {
            "id": "8z5gig",
            "parent_id": "37erze2ip7",
            "path": "/orders",
            "path_part": "orders",
            "rest_api_id": "dv7ccgkeqh"
          },
          "sensitive_attributes": [],
          "identity_schema_version": 0,
          "private": "bnVsbA==",
          "dependencies": [
            "module.api_gateway.aws_api_gateway_rest_api.this"
          ],
          "create_before_destroy": true
        }
      ]
    },
    {
      "module": "module.api_gateway",
      "mode": "managed",
      "type": "aws_api_gateway_rest_api",
      "name": "this",
      "provider": "provider[\"registry.terraform.io/hashicorp/aws\"]",
      "instances": [
        {
          "schema_version": 0,
          "attributes": {
            "api_key_source": "HEADER",
            "arn": "arn:aws:apigateway:us-east-1::/restapis/dv7ccgkeqh",
            "binary_media_types": [],
            "body": null,
            "created_date": "2026-05-27T09:04:34Z",
            "description": "Order Processing API — Phase 1",
            "disable_execute_api_endpoint": false,
            "endpoint_configuration": [
              {
                "ip_address_type": "ipv4",
                "types": [
                  "REGIONAL"
                ],
                "vpc_endpoint_ids": []
              }
            ],
            "execution_arn": "arn:aws:execute-api:us-east-1:688933602116:dv7ccgkeqh",
            "fail_on_warnings": null,
            "id": "dv7ccgkeqh",
            "minimum_compression_size": "",
            "name": "order-pipeline-api-dev",
            "parameters": null,
            "policy": "",
            "put_rest_api_mode": null,
            "root_resource_id": "37erze2ip7",
            "tags": {},
            "tags_all": {
              "Environment": "dev",
              "ManagedBy": "Terraform",
              "Project": "order-pipeline"
            }
          },
          "sensitive_attributes": [],
          "identity_schema_version": 0,
          "private": "bnVsbA==",
          "create_before_destroy": true
        }
      ]
    },
    {
      "module": "module.api_gateway",
      "mode": "managed",
      "type": "aws_api_gateway_stage",
      "name": "this",
      "provider": "provider[\"registry.terraform.io/hashicorp/aws\"]",
      "instances": [
        {
          "schema_version": 0,
          "attributes": {
            "access_log_settings": [],
            "arn": "arn:aws:apigateway:us-east-1::/restapis/dv7ccgkeqh/stages/dev",
            "cache_cluster_enabled": false,
            "cache_cluster_size": "",
            "canary_settings": [],
            "client_certificate_id": "",
            "deployment_id": "svgfpa",
            "description": "",
            "documentation_version": "",
            "execution_arn": "arn:aws:execute-api:us-east-1:688933602116:dv7ccgkeqh/dev",
            "id": "ags-dv7ccgkeqh-dev",
            "invoke_url": "https://dv7ccgkeqh.execute-api.us-east-1.amazonaws.com/dev",
            "rest_api_id": "dv7ccgkeqh",
            "stage_name": "dev",
            "tags": {},
            "tags_all": {
              "Environment": "dev",
              "ManagedBy": "Terraform",
              "Project": "order-pipeline"
            },
            "variables": {},
            "web_acl_arn": "",
            "xray_tracing_enabled": false
          },
          "sensitive_attributes": [],
          "identity_schema_version": 0,
          "private": "bnVsbA==",
          "dependencies": [
            "data.archive_file.order_intake",
            "module.api_gateway.aws_api_gateway_deployment.this",
            "module.api_gateway.aws_api_gateway_integration.lambda",
            "module.api_gateway.aws_api_gateway_method.post_order",
            "module.api_gateway.aws_api_gateway_resource.orders",
            "module.api_gateway.aws_api_gateway_rest_api.this",
            "module.dynamodb.aws_dynamodb_table.orders",
            "module.lambda.aws_iam_role.lambda_exec",
            "module.lambda.aws_lambda_function.this",
            "module.sqs.aws_sqs_queue.dlq",
            "module.sqs.aws_sqs_queue.orders"
          ]
        }
      ]
    },
    {
      "module": "module.api_gateway",
      "mode": "managed",
      "type": "aws_lambda_permission",
      "name": "allow_apigw",
      "provider": "provider[\"registry.terraform.io/hashicorp/aws\"]",
      "instances": [
        {
          "schema_version": 0,
          "attributes": {
            "action": "lambda:InvokeFunction",
            "event_source_token": null,
            "function_name": "arn:aws:lambda:us-east-1:688933602116:function:order-pipeline-order-intake-dev",
            "function_url_auth_type": null,
            "id": "AllowAPIGatewayInvoke",
            "principal": "apigateway.amazonaws.com",
            "principal_org_id": null,
            "qualifier": "",
            "source_account": null,
            "source_arn": "arn:aws:execute-api:us-east-1:688933602116:dv7ccgkeqh/*/*",
            "statement_id": "AllowAPIGatewayInvoke",
            "statement_id_prefix": ""
          },
          "sensitive_attributes": [],
          "identity_schema_version": 0,
          "private": "bnVsbA==",
          "dependencies": [
            "data.archive_file.order_intake",
            "module.api_gateway.aws_api_gateway_rest_api.this",
            "module.dynamodb.aws_dynamodb_table.orders",
            "module.lambda.aws_iam_role.lambda_exec",
            "module.lambda.aws_lambda_function.this",
            "module.sqs.aws_sqs_queue.dlq",
            "module.sqs.aws_sqs_queue.orders"
          ]
        }
      ]
    },
    {
      "module": "module.asg",
      "mode": "data",
      "type": "aws_ssm_parameter",
      "name": "al2023_ami",
      "provider": "provider[\"registry.terraform.io/hashicorp/aws\"]",
      "instances": [
        {
          "schema_version": 0,
          "attributes": {
            "arn": "arn:aws:ssm:us-east-1::parameter/aws/service/ami-amazon-linux-latest/al2023-ami-kernel-default-x86_64",
            "id": "/aws/service/ami-amazon-linux-latest/al2023-ami-kernel-default-x86_64",
            "insecure_value": "ami-00e801948462f718a",
            "name": "/aws/service/ami-amazon-linux-latest/al2023-ami-kernel-default-x86_64",
            "type": "String",
            "value": "ami-00e801948462f718a",
            "version": 169,
            "with_decryption": true
          },
          "sensitive_attributes": [
            [
              {
                "type": "get_attr",
                "value": "value"
              }
            ]
          ],
          "identity_schema_version": 0
        }
      ]
    },
    {
      "module": "module.asg",
      "mode": "managed",
      "type": "aws_autoscaling_group",
      "name": "this",
      "provider": "provider[\"registry.terraform.io/hashicorp/aws\"]",
      "instances": [
        {
          "schema_version": 1,
          "attributes": {
            "arn": "arn:aws:autoscaling:us-east-1:688933602116:autoScalingGroup:62b9eb12-b85b-4491-bdf2-54f67a3d75d0:autoScalingGroupName/order-pipeline-dev-asg",
            "availability_zone_distribution": [
              {
                "capacity_distribution_strategy": "balanced-best-effort"
              }
            ],
            "availability_zones": [
              "us-east-1a",
              "us-east-1b",
              "us-east-1c",
              "us-east-1d",
              "us-east-1f"
            ],
            "capacity_rebalance": false,
            "capacity_reservation_specification": [
              {
                "capacity_reservation_preference": "default",
                "capacity_reservation_target": []
              }
            ],
            "context": "",
            "default_cooldown": 300,
            "default_instance_warmup": 0,
            "desired_capacity": 2,
            "desired_capacity_type": "",
            "enabled_metrics": [],
            "force_delete": false,
            "force_delete_warm_pool": false,
            "health_check_grace_period": 60,
            "health_check_type": "ELB",
            "id": "order-pipeline-dev-asg",
            "ignore_failed_scaling_activities": false,
            "initial_lifecycle_hook": [],
            "instance_maintenance_policy": [],
            "instance_refresh": [
              {
                "preferences": [
                  {
                    "alarm_specification": [],
                    "auto_rollback": false,
                    "checkpoint_delay": "",
                    "checkpoint_percentages": [],
                    "instance_warmup": "",
                    "max_healthy_percentage": 100,
                    "min_healthy_percentage": 50,
                    "scale_in_protected_instances": "Ignore",
                    "skip_matching": false,
                    "standby_instances": "Ignore"
                  }
                ],
                "strategy": "Rolling",
                "triggers": []
              }
            ],
            "launch_configuration": "",
            "launch_template": [
              {
                "id": "lt-05a7f17cff928a5ec",
                "name": "order-pipeline-dev-lt-20260527093054888500000001",
                "version": "$Latest"
              }
            ],
            "load_balancers": [],
            "max_instance_lifetime": 0,
            "max_size": 4,
            "metrics_granularity": "1Minute",
            "min_elb_capacity": null,
            "min_size": 2,
            "mixed_instances_policy": [],
            "name": "order-pipeline-dev-asg",
            "name_prefix": "",
            "placement_group": "",
            "predicted_capacity": 0,
            "protect_from_scale_in": false,
            "service_linked_role_arn": "arn:aws:iam::688933602116:role/aws-service-role/autoscaling.amazonaws.com/AWSServiceRoleForAutoScaling",
            "suspended_processes": [],
            "tag": [
              {
                "key": "Name",
                "propagate_at_launch": true,
                "value": "order-pipeline-dev-asg"
              }
            ],
            "target_group_arns": [
              "arn:aws:elasticloadbalancing:us-east-1:688933602116:targetgroup/order-pipeline-dev-tg/4f4fdf1ff3515f39"
            ],
            "termination_policies": [],
            "timeouts": null,
            "traffic_source": [
              {
                "identifier": "arn:aws:elasticloadbalancing:us-east-1:688933602116:targetgroup/order-pipeline-dev-tg/4f4fdf1ff3515f39",
                "type": "elbv2"
              }
            ],
            "vpc_zone_identifier": [
              "subnet-01a46241b4f4ab610",
              "subnet-04117735f47ecbdc9",
              "subnet-04d8d5def61de2fe6",
              "subnet-083c3561a6ca8de8e",
              "subnet-0c8c8709abed908e6"
            ],
            "wait_for_capacity_timeout": "10m",
            "wait_for_elb_capacity": null,
            "warm_pool": [],
            "warm_pool_size": 0
          },
          "sensitive_attributes": [],
          "identity_schema_version": 0,
          "private": "eyJlMmJmYjczMC1lY2FhLTExZTYtOGY4OC0zNDM2M2JjN2M0YzAiOnsiZGVsZXRlIjo2MDAwMDAwMDAwMDAsInVwZGF0ZSI6NjAwMDAwMDAwMDAwfSwic2NoZW1hX3ZlcnNpb24iOiIxIn0=",
          "dependencies": [
            "module.alb.aws_lb_target_group.this",
            "module.alb.aws_security_group.alb",
            "module.alb.data.aws_subnets.default",
            "module.alb.data.aws_vpc.default",
            "module.asg.aws_iam_instance_profile.ec2",
            "module.asg.aws_iam_role.ec2_ssm",
            "module.asg.aws_launch_template.this",
            "module.asg.aws_security_group.ec2",
            "module.asg.data.aws_ssm_parameter.al2023_ami"
          ]
        }
      ]
    },
    {
      "module": "module.asg",
      "mode": "managed",
      "type": "aws_iam_instance_profile",
      "name": "ec2",
      "provider": "provider[\"registry.terraform.io/hashicorp/aws\"]",
      "instances": [
        {
          "schema_version": 0,
          "attributes": {
            "arn": "arn:aws:iam::688933602116:instance-profile/order-pipeline-dev-ec2-profile",
            "create_date": "2026-05-27T08:47:31Z",
            "id": "order-pipeline-dev-ec2-profile",
            "name": "order-pipeline-dev-ec2-profile",
            "name_prefix": "",
            "path": "/",
            "role": "order-pipeline-dev-ec2-role",
            "tags": {},
            "tags_all": {
              "Environment": "dev",
              "ManagedBy": "Terraform",
              "Project": "order-pipeline"
            },
            "unique_id": "AIPA2AZ5EQNCPRPJKRLIJ"
          },
          "sensitive_attributes": [],
          "identity_schema_version": 0,
          "private": "eyJzY2hlbWFfdmVyc2lvbiI6IjAifQ==",
          "dependencies": [
            "module.asg.aws_iam_role.ec2_ssm"
          ],
          "create_before_destroy": true
        }
      ]
    },
    {
      "module": "module.asg",
      "mode": "managed",
      "type": "aws_iam_role",
      "name": "ec2_ssm",
      "provider": "provider[\"registry.terraform.io/hashicorp/aws\"]",
      "instances": [
        {
          "schema_version": 0,
          "attributes": {
            "arn": "arn:aws:iam::688933602116:role/order-pipeline-dev-ec2-role",
            "assume_role_policy": "{\"Statement\":[{\"Action\":\"sts:AssumeRole\",\"Effect\":\"Allow\",\"Principal\":{\"Service\":\"ec2.amazonaws.com\"}}],\"Version\":\"2012-10-17\"}",
            "create_date": "2026-05-27T08:47:29Z",
            "description": "",
            "force_detach_policies": false,
            "id": "order-pipeline-dev-ec2-role",
            "inline_policy": [],
            "managed_policy_arns": [
              "arn:aws:iam::aws:policy/AmazonSSMManagedInstanceCore"
            ],
            "max_session_duration": 3600,
            "name": "order-pipeline-dev-ec2-role",
            "name_prefix": "",
            "path": "/",
            "permissions_boundary": "",
            "tags": {},
            "tags_all": {
              "Environment": "dev",
              "ManagedBy": "Terraform",
              "Project": "order-pipeline"
            },
            "unique_id": "AROA2AZ5EQNCHG3BWZJHC"
          },
          "sensitive_attributes": [],
          "identity_schema_version": 0,
          "private": "eyJzY2hlbWFfdmVyc2lvbiI6IjAifQ==",
          "create_before_destroy": true
        }
      ]
    },
    {
      "module": "module.asg",
      "mode": "managed",
      "type": "aws_iam_role_policy_attachment",
      "name": "ssm",
      "provider": "provider[\"registry.terraform.io/hashicorp/aws\"]",
      "instances": [
        {
          "schema_version": 0,
          "attributes": {
            "id": "order-pipeline-dev-ec2-role-20260527091113497000000003",
            "policy_arn": "arn:aws:iam::aws:policy/AmazonSSMManagedInstanceCore",
            "role": "order-pipeline-dev-ec2-role"
          },
          "sensitive_attributes": [],
          "identity_schema_version": 0,
          "private": "bnVsbA==",
          "dependencies": [
            "module.asg.aws_iam_role.ec2_ssm"
          ]
        }
      ]
    },
    {
      "module": "module.asg",
      "mode": "managed",
      "type": "aws_launch_template",
      "name": "this",
      "provider": "provider[\"registry.terraform.io/hashicorp/aws\"]",
      "instances": [
        {
          "schema_version": 0,
          "attributes": {
            "arn": "arn:aws:ec2:us-east-1:688933602116:launch-template/lt-05a7f17cff928a5ec",
            "block_device_mappings": [],
            "capacity_reservation_specification": [],
            "cpu_options": [],
            "credit_specification": [],
            "default_version": 1,
            "description": "",
            "disable_api_stop": false,
            "disable_api_termination": false,
            "ebs_optimized": "",
            "elastic_gpu_specifications": [],
            "elastic_inference_accelerator": [],
            "enclave_options": [],
            "hibernation_options": [],
            "iam_instance_profile": [
              {
                "arn": "",
                "name": "order-pipeline-dev-ec2-profile"
              }
            ],
            "id": "lt-05a7f17cff928a5ec",
            "image_id": "ami-00e801948462f718a",
            "instance_initiated_shutdown_behavior": "",
            "instance_market_options": [],
            "instance_requirements": [],
            "instance_type": "t3.micro",
            "kernel_id": "",
            "key_name": "",
            "latest_version": 1,
            "license_specification": [],
            "maintenance_options": [],
            "metadata_options": [],
            "monitoring": [],
            "name": "order-pipeline-dev-lt-20260527093054888500000001",
            "name_prefix": "order-pipeline-dev-lt-",
            "network_interfaces": [
              {
                "associate_carrier_ip_address": "",
                "associate_public_ip_address": "true",
                "connection_tracking_specification": [],
                "delete_on_termination": "",
                "description": "",
                "device_index": 0,
                "ena_srd_specification": [],
                "interface_type": "",
                "ipv4_address_count": 0,
                "ipv4_addresses": [],
                "ipv4_prefix_count": 0,
                "ipv4_prefixes": [],
                "ipv6_address_count": 0,
                "ipv6_addresses": [],
                "ipv6_prefix_count": 0,
                "ipv6_prefixes": [],
                "network_card_index": 0,
                "network_interface_id": "",
                "primary_ipv6": "",
                "private_ip_address": "",
                "security_groups": [
                  "sg-0969dc8859ba822d5"
                ],
                "subnet_id": ""
              }
            ],
            "placement": [],
            "private_dns_name_options": [],
            "ram_disk_id": "",
            "security_group_names": [],
            "tag_specifications": [
              {
                "resource_type": "instance",
                "tags": {
                  "Environment": "dev",
                  "Name": "order-pipeline-dev-worker"
                }
              }
            ],
            "tags": {},
            "tags_all": {
              "Environment": "dev",
              "ManagedBy": "Terraform",
              "Project": "order-pipeline"
            },
            "update_default_version": null,
            "user_data": "IyEvYmluL2Jhc2gKc2V0IC1lCgojIEluc3RhbGwgUHl0aG9uIChhdmFpbGFibGUgYnkgZGVmYXVsdCBvbiBBTDIwMjMpCnl1bSBpbnN0YWxsIC15IHB5dGhvbjMKCiMgV3JpdGUgYSBtaW5pbWFsIEhUVFAgc2VydmVyIHRoYXQgcmVzcG9uZHMgdG8gL2hlYWx0aCBhbmQgLwpjYXQgPiAvaG9tZS9lYzItdXNlci9zZXJ2ZXIucHkgPDwgJ1BZRU9GJwppbXBvcnQgaHR0cC5zZXJ2ZXIKaW1wb3J0IGpzb24KCmNsYXNzIEhhbmRsZXIoaHR0cC5zZXJ2ZXIuQmFzZUhUVFBSZXF1ZXN0SGFuZGxlcik6CiAgICBkZWYgZG9fR0VUKHNlbGYpOgogICAgICAgIGlmIHNlbGYucGF0aCA9PSAiL2hlYWx0aCI6CiAgICAgICAgICAgIGJvZHkgPSBqc29uLmR1bXBzKHsic3RhdHVzIjogIm9rIn0pLmVuY29kZSgpCiAgICAgICAgICAgIHNlbGYuc2VuZF9yZXNwb25zZSgyMDApCiAgICAgICAgZWxzZToKICAgICAgICAgICAgYm9keSA9IGpzb24uZHVtcHMoeyJzZXJ2aWNlIjogIm9yZGVyLXdvcmtlciIsICJlbnYiOiAiZGV2In0pLmVuY29kZSgpCiAgICAgICAgICAgIHNlbGYuc2VuZF9yZXNwb25zZSgyMDApCiAgICAgICAgc2VsZi5zZW5kX2hlYWRlcigiQ29udGVudC1UeXBlIiwgImFwcGxpY2F0aW9uL2pzb24iKQogICAgICAgIHNlbGYuc2VuZF9oZWFkZXIoIkNvbnRlbnQtTGVuZ3RoIiwgbGVuKGJvZHkpKQogICAgICAgIHNlbGYuZW5kX2hlYWRlcnMoKQogICAgICAgIHNlbGYud2ZpbGUud3JpdGUoYm9keSkKCiAgICBkZWYgbG9nX21lc3NhZ2Uoc2VsZiwgZm10LCAqYXJncyk6CiAgICAgICAgcGFzcyAgIyBzdXBwcmVzcyBkZWZhdWx0IHJlcXVlc3QgbG9nZ2luZwoKaHR0cC5zZXJ2ZXIuSFRUUFNlcnZlcigoIiIsIDgwODApLCBIYW5kbGVyKS5zZXJ2ZV9mb3JldmVyKCkKUFlFT0YKCiMgU3RhcnQgdGhlIHNlcnZlciBhcyBhIGJhY2tncm91bmQgcHJvY2Vzcwpub2h1cCBweXRob24zIC9ob21lL2VjMi11c2VyL3NlcnZlci5weSAmPiAvdmFyL2xvZy9vcmRlci13b3JrZXIubG9nICYK",
            "vpc_security_group_ids": []
          },
          "sensitive_attributes": [
            [
              {
                "type": "get_attr",
                "value": "image_id"
              }
            ]
          ],
          "identity_schema_version": 0,
          "private": "bnVsbA==",
          "dependencies": [
            "module.alb.aws_security_group.alb",
            "module.alb.data.aws_vpc.default",
            "module.asg.aws_iam_instance_profile.ec2",
            "module.asg.aws_iam_role.ec2_ssm",
            "module.asg.aws_security_group.ec2",
            "module.asg.data.aws_ssm_parameter.al2023_ami"
          ],
          "create_before_destroy": true
        }
      ]
    },
    {
      "module": "module.asg",
      "mode": "managed",
      "type": "aws_security_group",
      "name": "ec2",
      "provider": "provider[\"registry.terraform.io/hashicorp/aws\"]",
      "instances": [
        {
          "schema_version": 1,
          "attributes": {
            "arn": "arn:aws:ec2:us-east-1:688933602116:security-group/sg-0969dc8859ba822d5",
            "description": "Allow inbound from ALB only; allow all outbound",
            "egress": [
              {
                "cidr_blocks": [
                  "0.0.0.0/0"
                ],
                "description": "All outbound (needed for SSM, yum updates, etc.)",
                "from_port": 0,
                "ipv6_cidr_blocks": [],
                "prefix_list_ids": [],
                "protocol": "-1",
                "security_groups": [],
                "self": false,
                "to_port": 0
              }
            ],
            "id": "sg-0969dc8859ba822d5",
            "ingress": [
              {
                "cidr_blocks": [],
                "description": "HTTP from ALB only",
                "from_port": 8080,
                "ipv6_cidr_blocks": [],
                "prefix_list_ids": [],
                "protocol": "tcp",
                "security_groups": [
                  "sg-0aa15b205e9960491"
                ],
                "self": false,
                "to_port": 8080
              }
            ],
            "name": "order-pipeline-dev-ec2-sg",
            "name_prefix": "",
            "owner_id": "688933602116",
            "revoke_rules_on_delete": null,
            "tags": {
              "Name": "order-pipeline-dev-ec2-sg"
            },
            "tags_all": {
              "Environment": "dev",
              "ManagedBy": "Terraform",
              "Name": "order-pipeline-dev-ec2-sg",
              "Project": "order-pipeline"
            },
            "timeouts": null,
            "vpc_id": "vpc-01a3397236fb64163"
          },
          "sensitive_attributes": [],
          "identity_schema_version": 0,
          "private": "eyJlMmJmYjczMC1lY2FhLTExZTYtOGY4OC0zNDM2M2JjN2M0YzAiOnsiY3JlYXRlIjo2MDAwMDAwMDAwMDAsImRlbGV0ZSI6OTAwMDAwMDAwMDAwfSwic2NoZW1hX3ZlcnNpb24iOiIxIn0=",
          "dependencies": [
            "module.alb.aws_security_group.alb",
            "module.alb.data.aws_vpc.default"
          ],
          "create_before_destroy": true
        }
      ]
    },
    {
      "module": "module.cloudwatch",
      "mode": "managed",
      "type": "aws_cloudwatch_dashboard",
      "name": "main",
      "provider": "provider[\"registry.terraform.io/hashicorp/aws\"]",
      "instances": [
        {
          "schema_version": 0,
          "attributes": {
            "dashboard_arn": "arn:aws:cloudwatch::688933602116:dashboard/order-pipeline-dev-overview",
            "dashboard_body": "{\"widgets\":[{\"height\":6,\"properties\":{\"annotations\":{\"horizontal\":[]},\"metrics\":[[\"AWS/Lambda\",\"Invocations\",\"FunctionName\",\"order-pipeline-order-intake-dev\"]],\"period\":60,\"region\":\"us-east-1\",\"stat\":\"Sum\",\"title\":\"Order Intake — Lambda Invocations\",\"view\":\"timeSeries\"},\"type\":\"metric\",\"width\":12,\"x\":0,\"y\":0},{\"height\":6,\"properties\":{\"annotations\":{\"horizontal\":[]},\"metrics\":[[\"AWS/Lambda\",\"Errors\",\"FunctionName\",\"order-pipeline-order-processor-dev\"],[\"AWS/Lambda\",\"Duration\",\"FunctionName\",\"order-pipeline-order-processor-dev\"]],\"period\":60,\"region\":\"us-east-1\",\"stat\":\"Sum\",\"title\":\"Order Processor — Errors \u0026 Duration\",\"view\":\"timeSeries\"},\"type\":\"metric\",\"width\":12,\"x\":12,\"y\":0},{\"height\":6,\"properties\":{\"annotations\":{\"horizontal\":[]},\"metrics\":[[\"AWS/SQS\",\"ApproximateNumberOfMessagesVisible\",\"QueueName\",\"order-pipeline-orders-dev\"],[\"AWS/SQS\",\"ApproximateNumberOfMessagesVisible\",\"QueueName\",\"order-pipeline-orders-dev-dlq\"]],\"period\":60,\"region\":\"us-east-1\",\"stat\":\"Sum\",\"title\":\"SQS — Queue Depth \u0026 DLQ\",\"view\":\"timeSeries\"},\"type\":\"metric\",\"width\":12,\"x\":0,\"y\":6},{\"height\":6,\"properties\":{\"annotations\":{\"horizontal\":[]},\"metrics\":[[\"AWS/ApplicationELB\",\"RequestCount\",\"LoadBalancer\",\"app/order-pipeline-dev-alb/1fb4daaf2b7936b6\"],[\"AWS/ApplicationELB\",\"HTTPCode_Target_5XX_Count\",\"LoadBalancer\",\"app/order-pipeline-dev-alb/1fb4daaf2b7936b6\"]],\"period\":60,\"region\":\"us-east-1\",\"stat\":\"Sum\",\"title\":\"ALB — Request Count \u0026 5xx Errors\",\"view\":\"timeSeries\"},\"type\":\"metric\",\"width\":12,\"x\":12,\"y\":6}]}",
            "dashboard_name": "order-pipeline-dev-overview",
            "id": "order-pipeline-dev-overview"
          },
          "sensitive_attributes": [],
          "identity_schema_version": 0,
          "private": "bnVsbA==",
          "dependencies": [
            "data.archive_file.order_intake",
            "data.archive_file.order_processor",
            "module.alb.aws_lb.this",
            "module.alb.aws_security_group.alb",
            "module.alb.data.aws_subnets.default",
            "module.alb.data.aws_vpc.default",
            "module.dynamodb.aws_dynamodb_table.inventory",
            "module.dynamodb.aws_dynamodb_table.orders",
            "module.lambda.aws_iam_role.lambda_exec",
            "module.lambda.aws_lambda_function.this",
            "module.lambda_processor.aws_iam_role.processor_exec",
            "module.lambda_processor.aws_lambda_function.this",
            "module.sns.aws_sns_topic.order_notifications",
            "module.sqs.aws_sqs_queue.dlq",
            "module.sqs.aws_sqs_queue.orders"
          ]
        }
      ]
    },
    {
      "module": "module.cloudwatch",
      "mode": "managed",
      "type": "aws_cloudwatch_metric_alarm",
      "name": "alb_5xx",
      "provider": "provider[\"registry.terraform.io/hashicorp/aws\"]",
      "instances": [
        {
          "schema_version": 1,
          "attributes": {
            "actions_enabled": true,
            "alarm_actions": [
              "arn:aws:sns:us-east-1:688933602116:order-pipeline-dev-ops-alerts"
            ],
            "alarm_description": "ALB is returning 5xx errors — EC2 worker tier may be unhealthy",
            "alarm_name": "order-pipeline-dev-alb-5xx",
            "arn": "arn:aws:cloudwatch:us-east-1:688933602116:alarm:order-pipeline-dev-alb-5xx",
            "comparison_operator": "GreaterThanThreshold",
            "datapoints_to_alarm": 0,
            "dimensions": {
              "LoadBalancer": "app/order-pipeline-dev-alb/1fb4daaf2b7936b6"
            },
            "evaluate_low_sample_count_percentiles": "",
            "evaluation_periods": 2,
            "extended_statistic": "",
            "id": "order-pipeline-dev-alb-5xx",
            "insufficient_data_actions": [],
            "metric_name": "HTTPCode_Target_5XX_Count",
            "metric_query": [],
            "namespace": "AWS/ApplicationELB",
            "ok_actions": [
              "arn:aws:sns:us-east-1:688933602116:order-pipeline-dev-ops-alerts"
            ],
            "period": 60,
            "statistic": "Sum",
            "tags": {
              "Name": "order-pipeline-dev-alb-5xx"
            },
            "tags_all": {
              "Environment": "dev",
              "ManagedBy": "Terraform",
              "Name": "order-pipeline-dev-alb-5xx",
              "Project": "order-pipeline"
            },
            "threshold": 5,
            "threshold_metric_id": "",
            "treat_missing_data": "notBreaching",
            "unit": ""
          },
          "sensitive_attributes": [],
          "identity_schema_version": 0,
          "private": "eyJzY2hlbWFfdmVyc2lvbiI6IjEifQ==",
          "dependencies": [
            "module.alb.aws_lb.this",
            "module.alb.aws_security_group.alb",
            "module.alb.data.aws_subnets.default",
            "module.alb.data.aws_vpc.default",
            "module.sns.aws_sns_topic.ops_alerts"
          ]
        }
      ]
    },
    {
      "module": "module.cloudwatch",
      "mode": "managed",
      "type": "aws_cloudwatch_metric_alarm",
      "name": "dlq_depth",
      "provider": "provider[\"registry.terraform.io/hashicorp/aws\"]",
      "instances": [
        {
          "schema_version": 1,
          "attributes": {
            "actions_enabled": true,
            "alarm_actions": [
              "arn:aws:sns:us-east-1:688933602116:order-pipeline-dev-ops-alerts"
            ],
            "alarm_description": "Orders are landing in the Dead-Letter Queue — processing failures need investigation",
            "alarm_name": "order-pipeline-dev-dlq-messages",
            "arn": "arn:aws:cloudwatch:us-east-1:688933602116:alarm:order-pipeline-dev-dlq-messages",
            "comparison_operator": "GreaterThanThreshold",
            "datapoints_to_alarm": 0,
            "dimensions": {
              "QueueName": "order-pipeline-orders-dev-dlq"
            },
            "evaluate_low_sample_count_percentiles": "",
            "evaluation_periods": 1,
            "extended_statistic": "",
            "id": "order-pipeline-dev-dlq-messages",
            "insufficient_data_actions": [],
            "metric_name": "ApproximateNumberOfMessagesVisible",
            "metric_query": [],
            "namespace": "AWS/SQS",
            "ok_actions": [
              "arn:aws:sns:us-east-1:688933602116:order-pipeline-dev-ops-alerts"
            ],
            "period": 60,
            "statistic": "Sum",
            "tags": {
              "Name": "order-pipeline-dev-dlq-messages"
            },
            "tags_all": {
              "Environment": "dev",
              "ManagedBy": "Terraform",
              "Name": "order-pipeline-dev-dlq-messages",
              "Project": "order-pipeline"
            },
            "threshold": 0,
            "threshold_metric_id": "",
            "treat_missing_data": "notBreaching",
            "unit": ""
          },
          "sensitive_attributes": [],
          "identity_schema_version": 0,
          "private": "eyJzY2hlbWFfdmVyc2lvbiI6IjEifQ==",
          "dependencies": [
            "module.sns.aws_sns_topic.ops_alerts",
            "module.sqs.aws_sqs_queue.dlq"
          ]
        }
      ]
    },
    {
      "module": "module.cloudwatch",
      "mode": "managed",
      "type": "aws_cloudwatch_metric_alarm",
      "name": "high_order_rate",
      "provider": "provider[\"registry.terraform.io/hashicorp/aws\"]",
      "instances": [
        {
          "schema_version": 1,
          "attributes": {
            "actions_enabled": true,
            "alarm_actions": [
              "arn:aws:sns:us-east-1:688933602116:order-pipeline-dev-ops-alerts"
            ],
            "alarm_description": "Unusually high order intake rate — possible traffic spike or abuse",
            "alarm_name": "order-pipeline-dev-high-order-rate",
            "arn": "arn:aws:cloudwatch:us-east-1:688933602116:alarm:order-pipeline-dev-high-order-rate",
            "comparison_operator": "GreaterThanThreshold",
            "datapoints_to_alarm": 0,
            "dimensions": {
              "FunctionName": "order-pipeline-order-intake-dev"
            },
            "evaluate_low_sample_count_percentiles": "",
            "evaluation_periods": 2,
            "extended_statistic": "",
            "id": "order-pipeline-dev-high-order-rate",
            "insufficient_data_actions": [],
            "metric_name": "Invocations",
            "metric_query": [],
            "namespace": "AWS/Lambda",
            "ok_actions": [
              "arn:aws:sns:us-east-1:688933602116:order-pipeline-dev-ops-alerts"
            ],
            "period": 60,
            "statistic": "Sum",
            "tags": {
              "Name": "order-pipeline-dev-high-order-rate"
            },
            "tags_all": {
              "Environment": "dev",
              "ManagedBy": "Terraform",
              "Name": "order-pipeline-dev-high-order-rate",
              "Project": "order-pipeline"
            },
            "threshold": 100,
            "threshold_metric_id": "",
            "treat_missing_data": "notBreaching",
            "unit": ""
          },
          "sensitive_attributes": [],
          "identity_schema_version": 0,
          "private": "eyJzY2hlbWFfdmVyc2lvbiI6IjEifQ==",
          "dependencies": [
            "data.archive_file.order_intake",
            "module.dynamodb.aws_dynamodb_table.orders",
            "module.lambda.aws_iam_role.lambda_exec",
            "module.lambda.aws_lambda_function.this",
            "module.sns.aws_sns_topic.ops_alerts",
            "module.sqs.aws_sqs_queue.dlq",
            "module.sqs.aws_sqs_queue.orders"
          ]
        }
      ]
    },
    {
      "module": "module.cloudwatch",
      "mode": "managed",
      "type": "aws_cloudwatch_metric_alarm",
      "name": "lambda_errors",
      "provider": "provider[\"registry.terraform.io/hashicorp/aws\"]",
      "instances": [
        {
          "schema_version": 1,
          "attributes": {
            "actions_enabled": true,
            "alarm_actions": [
              "arn:aws:sns:us-east-1:688933602116:order-pipeline-dev-ops-alerts"
            ],
            "alarm_description": "order_processor Lambda is throwing errors — check CloudWatch logs",
            "alarm_name": "order-pipeline-dev-processor-errors",
            "arn": "arn:aws:cloudwatch:us-east-1:688933602116:alarm:order-pipeline-dev-processor-errors",
            "comparison_operator": "GreaterThanThreshold",
            "datapoints_to_alarm": 0,
            "dimensions": {
              "FunctionName": "order-pipeline-order-processor-dev"
            },
            "evaluate_low_sample_count_percentiles": "",
            "evaluation_periods": 1,
            "extended_statistic": "",
            "id": "order-pipeline-dev-processor-errors",
            "insufficient_data_actions": [],
            "metric_name": "Errors",
            "metric_query": [],
            "namespace": "AWS/Lambda",
            "ok_actions": [
              "arn:aws:sns:us-east-1:688933602116:order-pipeline-dev-ops-alerts"
            ],
            "period": 60,
            "statistic": "Sum",
            "tags": {
              "Name": "order-pipeline-dev-processor-errors"
            },
            "tags_all": {
              "Environment": "dev",
              "ManagedBy": "Terraform",
              "Name": "order-pipeline-dev-processor-errors",
              "Project": "order-pipeline"
            },
            "threshold": 0,
            "threshold_metric_id": "",
            "treat_missing_data": "notBreaching",
            "unit": ""
          },
          "sensitive_attributes": [],
          "identity_schema_version": 0,
          "private": "eyJzY2hlbWFfdmVyc2lvbiI6IjEifQ==",
          "dependencies": [
            "data.archive_file.order_processor",
            "module.dynamodb.aws_dynamodb_table.inventory",
            "module.dynamodb.aws_dynamodb_table.orders",
            "module.lambda_processor.aws_iam_role.processor_exec",
            "module.lambda_processor.aws_lambda_function.this",
            "module.sns.aws_sns_topic.ops_alerts",
            "module.sns.aws_sns_topic.order_notifications"
          ]
        }
      ]
    },
    {
      "module": "module.cloudwatch",
      "mode": "managed",
      "type": "aws_cloudwatch_metric_alarm",
      "name": "processor_duration",
      "provider": "provider[\"registry.terraform.io/hashicorp/aws\"]",
      "instances": [
        {
          "schema_version": 1,
          "attributes": {
            "actions_enabled": true,
            "alarm_actions": [
              "arn:aws:sns:us-east-1:688933602116:order-pipeline-dev-ops-alerts"
            ],
            "alarm_description": "order_processor is running slow — approaching Lambda timeout",
            "alarm_name": "order-pipeline-dev-processor-slow",
            "arn": "arn:aws:cloudwatch:us-east-1:688933602116:alarm:order-pipeline-dev-processor-slow",
            "comparison_operator": "GreaterThanThreshold",
            "datapoints_to_alarm": 0,
            "dimensions": {
              "FunctionName": "order-pipeline-order-processor-dev"
            },
            "evaluate_low_sample_count_percentiles": "",
            "evaluation_periods": 3,
            "extended_statistic": "",
            "id": "order-pipeline-dev-processor-slow",
            "insufficient_data_actions": [],
            "metric_name": "Duration",
            "metric_query": [],
            "namespace": "AWS/Lambda",
            "ok_actions": [
              "arn:aws:sns:us-east-1:688933602116:order-pipeline-dev-ops-alerts"
            ],
            "period": 60,
            "statistic": "Average",
            "tags": {
              "Name": "order-pipeline-dev-processor-slow"
            },
            "tags_all": {
              "Environment": "dev",
              "ManagedBy": "Terraform",
              "Name": "order-pipeline-dev-processor-slow",
              "Project": "order-pipeline"
            },
            "threshold": 20000,
            "threshold_metric_id": "",
            "treat_missing_data": "notBreaching",
            "unit": ""
          },
          "sensitive_attributes": [],
          "identity_schema_version": 0,
          "private": "eyJzY2hlbWFfdmVyc2lvbiI6IjEifQ==",
          "dependencies": [
            "data.archive_file.order_processor",
            "module.dynamodb.aws_dynamodb_table.inventory",
            "module.dynamodb.aws_dynamodb_table.orders",
            "module.lambda_processor.aws_iam_role.processor_exec",
            "module.lambda_processor.aws_lambda_function.this",
            "module.sns.aws_sns_topic.ops_alerts",
            "module.sns.aws_sns_topic.order_notifications"
          ]
        }
      ]
    },
    {
      "module": "module.dynamodb",
      "mode": "managed",
      "type": "aws_dynamodb_table",
      "name": "inventory",
      "provider": "provider[\"registry.terraform.io/hashicorp/aws\"]",
      "instances": [
        {
          "schema_version": 1,
          "attributes": {
            "arn": "arn:aws:dynamodb:us-east-1:688933602116:table/order-pipeline-orders-dev-inventory",
            "attribute": [
              {
                "name": "item_name",
                "type": "S"
              }
            ],
            "billing_mode": "PAY_PER_REQUEST",
            "deletion_protection_enabled": false,
            "global_secondary_index": [],
            "hash_key": "item_name",
            "id": "order-pipeline-orders-dev-inventory",
            "import_table": [],
            "local_secondary_index": [],
            "name": "order-pipeline-orders-dev-inventory",
            "on_demand_throughput": [],
            "point_in_time_recovery": [
              {
                "enabled": false,
                "recovery_period_in_days": 0
              }
            ],
            "range_key": null,
            "read_capacity": 0,
            "replica": [],
            "restore_date_time": null,
            "restore_source_name": null,
            "restore_source_table_arn": null,
            "restore_to_latest_time": null,
            "server_side_encryption": [],
            "stream_arn": "",
            "stream_enabled": false,
            "stream_label": "",
            "stream_view_type": "",
            "table_class": "STANDARD",
            "tags": {
              "Name": "order-pipeline-orders-dev-inventory"
            },
            "tags_all": {
              "Environment": "dev",
              "ManagedBy": "Terraform",
              "Name": "order-pipeline-orders-dev-inventory",
              "Project": "order-pipeline"
            },
            "timeouts": null,
            "ttl": [
              {
                "attribute_name": "",
                "enabled": false
              }
            ],
            "write_capacity": 0
          },
          "sensitive_attributes": [],
          "identity_schema_version": 0,
          "private": "eyJlMmJmYjczMC1lY2FhLTExZTYtOGY4OC0zNDM2M2JjN2M0YzAiOnsiY3JlYXRlIjoxODAwMDAwMDAwMDAwLCJkZWxldGUiOjYwMDAwMDAwMDAwMCwidXBkYXRlIjozNjAwMDAwMDAwMDAwfSwic2NoZW1hX3ZlcnNpb24iOiIxIn0="
        }
      ]
    },
    {
      "module": "module.dynamodb",
      "mode": "managed",
      "type": "aws_dynamodb_table",
      "name": "orders",
      "provider": "provider[\"registry.terraform.io/hashicorp/aws\"]",
      "instances": [
        {
          "schema_version": 1,
          "attributes": {
            "arn": "arn:aws:dynamodb:us-east-1:688933602116:table/order-pipeline-orders-dev",
            "attribute": [
              {
                "name": "order_id",
                "type": "S"
              }
            ],
            "billing_mode": "PAY_PER_REQUEST",
            "deletion_protection_enabled": false,
            "global_secondary_index": [],
            "hash_key": "order_id",
            "id": "order-pipeline-orders-dev",
            "import_table": [],
            "local_secondary_index": [],
            "name": "order-pipeline-orders-dev",
            "on_demand_throughput": [],
            "point_in_time_recovery": [
              {
                "enabled": false,
                "recovery_period_in_days": 0
              }
            ],
            "range_key": null,
            "read_capacity": 0,
            "replica": [],
            "restore_date_time": null,
            "restore_source_name": null,
            "restore_source_table_arn": null,
            "restore_to_latest_time": null,
            "server_side_encryption": [],
            "stream_arn": "",
            "stream_enabled": false,
            "stream_label": "",
            "stream_view_type": "",
            "table_class": "STANDARD",
            "tags": {
              "Name": "order-pipeline-orders-dev"
            },
            "tags_all": {
              "Environment": "dev",
              "ManagedBy": "Terraform",
              "Name": "order-pipeline-orders-dev",
              "Project": "order-pipeline"
            },
            "timeouts": null,
            "ttl": [
              {
                "attribute_name": "",
                "enabled": false
              }
            ],
            "write_capacity": 0
          },
          "sensitive_attributes": [],
          "identity_schema_version": 0,
          "private": "eyJlMmJmYjczMC1lY2FhLTExZTYtOGY4OC0zNDM2M2JjN2M0YzAiOnsiY3JlYXRlIjoxODAwMDAwMDAwMDAwLCJkZWxldGUiOjYwMDAwMDAwMDAwMCwidXBkYXRlIjozNjAwMDAwMDAwMDAwfSwic2NoZW1hX3ZlcnNpb24iOiIxIn0=",
          "create_before_destroy": true
        }
      ]
    },
    {
      "module": "module.lambda",
      "mode": "managed",
      "type": "aws_cloudwatch_log_group",
      "name": "lambda_logs",
      "provider": "provider[\"registry.terraform.io/hashicorp/aws\"]",
      "instances": [
        {
          "schema_version": 0,
          "attributes": {
            "arn": "arn:aws:logs:us-east-1:688933602116:log-group:/aws/lambda/order-pipeline-order-intake-dev",
            "id": "/aws/lambda/order-pipeline-order-intake-dev",
            "kms_key_id": "",
            "log_group_class": "STANDARD",
            "name": "/aws/lambda/order-pipeline-order-intake-dev",
            "name_prefix": "",
            "retention_in_days": 7,
            "skip_destroy": false,
            "tags": {},
            "tags_all": {
              "Environment": "dev",
              "ManagedBy": "Terraform",
              "Project": "order-pipeline"
            }
          },
          "sensitive_attributes": [],
          "identity_schema_version": 0,
          "private": "eyJzY2hlbWFfdmVyc2lvbiI6IjAifQ=="
        }
      ]
    },
    {
      "module": "module.lambda",
      "mode": "managed",
      "type": "aws_iam_role",
      "name": "lambda_exec",
      "provider": "provider[\"registry.terraform.io/hashicorp/aws\"]",
      "instances": [
        {
          "schema_version": 0,
          "attributes": {
            "arn": "arn:aws:iam::688933602116:role/order-pipeline-order-intake-dev-role",
            "assume_role_policy": "{\"Statement\":[{\"Action\":\"sts:AssumeRole\",\"Effect\":\"Allow\",\"Principal\":{\"Service\":\"lambda.amazonaws.com\"}}],\"Version\":\"2012-10-17\"}",
            "create_date": "2026-05-27T08:47:29Z",
            "description": "",
            "force_detach_policies": false,
            "id": "order-pipeline-order-intake-dev-role",
            "inline_policy": [
              {
                "name": "order-pipeline-order-intake-dev-dynamodb",
                "policy": "{\"Version\":\"2012-10-17\",\"Statement\":[{\"Action\":[\"dynamodb:PutItem\",\"dynamodb:GetItem\",\"dynamodb:UpdateItem\",\"dynamodb:Query\",\"dynamodb:Scan\"],\"Effect\":\"Allow\",\"Resource\":\"arn:aws:dynamodb:us-east-1:688933602116:table/order-pipeline-orders-dev\"}]}"
              },
              {
                "name": "order-pipeline-order-intake-dev-sqs",
                "policy": "{\"Version\":\"2012-10-17\",\"Statement\":[{\"Action\":[\"sqs:SendMessage\"],\"Effect\":\"Allow\",\"Resource\":\"arn:aws:sqs:us-east-1:688933602116:order-pipeline-orders-dev\"}]}"
              }
            ],
            "managed_policy_arns": [
              "arn:aws:iam::aws:policy/service-role/AWSLambdaBasicExecutionRole"
            ],
            "max_session_duration": 3600,
            "name": "order-pipeline-order-intake-dev-role",
            "name_prefix": "",
            "path": "/",
            "permissions_boundary": "",
            "tags": {},
            "tags_all": {
              "Environment": "dev",
              "ManagedBy": "Terraform",
              "Project": "order-pipeline"
            },
            "unique_id": "AROA2AZ5EQNCIPNC2ES5S"
          },
          "sensitive_attributes": [],
          "identity_schema_version": 0,
          "private": "eyJzY2hlbWFfdmVyc2lvbiI6IjAifQ==",
          "create_before_destroy": true
        }
      ]
    },
    {
      "module": "module.lambda",
      "mode": "managed",
      "type": "aws_iam_role_policy",
      "name": "dynamodb_access",
      "provider": "provider[\"registry.terraform.io/hashicorp/aws\"]",
      "instances": [
        {
          "schema_version": 0,
          "attributes": {
            "id": "order-pipeline-order-intake-dev-role:order-pipeline-order-intake-dev-dynamodb",
            "name": "order-pipeline-order-intake-dev-dynamodb",
            "name_prefix": "",
            "policy": "{\"Version\":\"2012-10-17\",\"Statement\":[{\"Action\":[\"dynamodb:PutItem\",\"dynamodb:GetItem\",\"dynamodb:UpdateItem\",\"dynamodb:Query\",\"dynamodb:Scan\"],\"Effect\":\"Allow\",\"Resource\":\"arn:aws:dynamodb:us-east-1:688933602116:table/order-pipeline-orders-dev\"}]}",
            "role": "order-pipeline-order-intake-dev-role"
          },
          "sensitive_attributes": [],
          "identity_schema_version": 0,
          "private": "bnVsbA==",
          "dependencies": [
            "module.dynamodb.aws_dynamodb_table.orders",
            "module.lambda.aws_iam_role.lambda_exec"
          ]
        }
      ]
    },
    {
      "module": "module.lambda",
      "mode": "managed",
      "type": "aws_iam_role_policy",
      "name": "sqs_publish",
      "provider": "provider[\"registry.terraform.io/hashicorp/aws\"]",
      "instances": [
        {
          "index_key": 0,
          "schema_version": 0,
          "attributes": {
            "id": "order-pipeline-order-intake-dev-role:order-pipeline-order-intake-dev-sqs",
            "name": "order-pipeline-order-intake-dev-sqs",
            "name_prefix": "",
            "policy": "{\"Version\":\"2012-10-17\",\"Statement\":[{\"Action\":[\"sqs:SendMessage\"],\"Effect\":\"Allow\",\"Resource\":\"arn:aws:sqs:us-east-1:688933602116:order-pipeline-orders-dev\"}]}",
            "role": "order-pipeline-order-intake-dev-role"
          },
          "sensitive_attributes": [],
          "identity_schema_version": 0,
          "private": "bnVsbA==",
          "dependencies": [
            "module.lambda.aws_iam_role.lambda_exec",
            "module.sqs.aws_sqs_queue.dlq",
            "module.sqs.aws_sqs_queue.orders"
          ]
        }
      ]
    },
    {
      "module": "module.lambda",
      "mode": "managed",
      "type": "aws_iam_role_policy_attachment",
      "name": "basic_execution",
      "provider": "provider[\"registry.terraform.io/hashicorp/aws\"]",
      "instances": [
        {
          "schema_version": 0,
          "attributes": {
            "id": "order-pipeline-order-intake-dev-role-20260527091113493500000001",
            "policy_arn": "arn:aws:iam::aws:policy/service-role/AWSLambdaBasicExecutionRole",
            "role": "order-pipeline-order-intake-dev-role"
          },
          "sensitive_attributes": [],
          "identity_schema_version": 0,
          "private": "bnVsbA==",
          "dependencies": [
            "module.lambda.aws_iam_role.lambda_exec"
          ]
        }
      ]
    },
    {
      "module": "module.lambda",
      "mode": "managed",
      "type": "aws_lambda_function",
      "name": "this",
      "provider": "provider[\"registry.terraform.io/hashicorp/aws\"]",
      "instances": [
        {
          "schema_version": 0,
          "attributes": {
            "architectures": [
              "x86_64"
            ],
            "arn": "arn:aws:lambda:us-east-1:688933602116:function:order-pipeline-order-intake-dev",
            "code_sha256": "dPVAWdcT5iDpzjBHtlPlpM2KrcZVaDKJT7IiDQpDceI=",
            "code_signing_config_arn": "",
            "dead_letter_config": [],
            "description": "",
            "environment": [
              {
                "variables": {
                  "DYNAMODB_TABLE": "order-pipeline-orders-dev",
                  "ENVIRONMENT": "dev",
                  "SQS_QUEUE_URL": "https://sqs.us-east-1.amazonaws.com/688933602116/order-pipeline-orders-dev"
                }
              }
            ],
            "ephemeral_storage": [
              {
                "size": 512
              }
            ],
            "file_system_config": [],
            "filename": "./builds/order_intake.zip",
            "function_name": "order-pipeline-order-intake-dev",
            "handler": "handler.lambda_handler",
            "id": "order-pipeline-order-intake-dev",
            "image_config": [],
            "image_uri": "",
            "invoke_arn": "arn:aws:apigateway:us-east-1:lambda:path/2015-03-31/functions/arn:aws:lambda:us-east-1:688933602116:function:order-pipeline-order-intake-dev/invocations",
            "kms_key_arn": "",
            "last_modified": "2026-05-27T09:32:32.000+0000",
            "layers": [],
            "logging_config": [
              {
                "application_log_level": "",
                "log_format": "Text",
                "log_group": "/aws/lambda/order-pipeline-order-intake-dev",
                "system_log_level": ""
              }
            ],
            "memory_size": 128,
            "package_type": "Zip",
            "publish": false,
            "qualified_arn": "arn:aws:lambda:us-east-1:688933602116:function:order-pipeline-order-intake-dev:$LATEST",
            "qualified_invoke_arn": "arn:aws:apigateway:us-east-1:lambda:path/2015-03-31/functions/arn:aws:lambda:us-east-1:688933602116:function:order-pipeline-order-intake-dev:$LATEST/invocations",
            "replace_security_groups_on_destroy": null,
            "replacement_security_group_ids": null,
            "reserved_concurrent_executions": -1,
            "role": "arn:aws:iam::688933602116:role/order-pipeline-order-intake-dev-role",
            "runtime": "python3.12",
            "s3_bucket": null,
            "s3_key": null,
            "s3_object_version": null,
            "signing_job_arn": "",
            "signing_profile_version_arn": "",
            "skip_destroy": false,
            "snap_start": [],
            "source_code_hash": "dPVAWdcT5iDpzjBHtlPlpM2KrcZVaDKJT7IiDQpDceI=",
            "source_code_size": 1042,
            "tags": {},
            "tags_all": {
              "Environment": "dev",
              "ManagedBy": "Terraform",
              "Project": "order-pipeline"
            },
            "timeout": 30,
            "timeouts": null,
            "tracing_config": [
              {
                "mode": "PassThrough"
              }
            ],
            "version": "$LATEST",
            "vpc_config": []
          },
          "sensitive_attributes": [],
          "identity_schema_version": 0,
          "private": "eyJlMmJmYjczMC1lY2FhLTExZTYtOGY4OC0zNDM2M2JjN2M0YzAiOnsiY3JlYXRlIjo2MDAwMDAwMDAwMDAsImRlbGV0ZSI6NjAwMDAwMDAwMDAwLCJ1cGRhdGUiOjYwMDAwMDAwMDAwMH19",
          "dependencies": [
            "data.archive_file.order_intake",
            "module.dynamodb.aws_dynamodb_table.orders",
            "module.lambda.aws_iam_role.lambda_exec",
            "module.sqs.aws_sqs_queue.dlq",
            "module.sqs.aws_sqs_queue.orders"
          ],
          "create_before_destroy": true
        }
      ]
    },
    {
      "module": "module.lambda_processor",
      "mode": "managed",
      "type": "aws_cloudwatch_log_group",
      "name": "logs",
      "provider": "provider[\"registry.terraform.io/hashicorp/aws\"]",
      "instances": [
        {
          "schema_version": 0,
          "attributes": {
            "arn": "arn:aws:logs:us-east-1:688933602116:log-group:/aws/lambda/order-pipeline-order-processor-dev",
            "id": "/aws/lambda/order-pipeline-order-processor-dev",
            "kms_key_id": "",
            "log_group_class": "STANDARD",
            "name": "/aws/lambda/order-pipeline-order-processor-dev",
            "name_prefix": "",
            "retention_in_days": 7,
            "skip_destroy": false,
            "tags": {},
            "tags_all": {
              "Environment": "dev",
              "ManagedBy": "Terraform",
              "Project": "order-pipeline"
            }
          },
          "sensitive_attributes": [],
          "identity_schema_version": 0,
          "private": "eyJzY2hlbWFfdmVyc2lvbiI6IjAifQ=="
        }
      ]
    },
    {
      "module": "module.lambda_processor",
      "mode": "managed",
      "type": "aws_iam_role",
      "name": "processor_exec",
      "provider": "provider[\"registry.terraform.io/hashicorp/aws\"]",
      "instances": [
        {
          "schema_version": 0,
          "attributes": {
            "arn": "arn:aws:iam::688933602116:role/order-pipeline-order-processor-dev-role",
            "assume_role_policy": "{\"Statement\":[{\"Action\":\"sts:AssumeRole\",\"Effect\":\"Allow\",\"Principal\":{\"Service\":\"lambda.amazonaws.com\"}}],\"Version\":\"2012-10-17\"}",
            "create_date": "2026-05-27T08:47:29Z",
            "description": "",
            "force_detach_policies": false,
            "id": "order-pipeline-order-processor-dev-role",
            "inline_policy": [
              {
                "name": "order-pipeline-order-processor-dev-dynamodb",
                "policy": "{\"Version\":\"2012-10-17\",\"Statement\":[{\"Action\":[\"dynamodb:UpdateItem\",\"dynamodb:GetItem\"],\"Effect\":\"Allow\",\"Resource\":\"arn:aws:dynamodb:us-east-1:688933602116:table/order-pipeline-orders-dev\"},{\"Action\":[\"dynamodb:GetItem\",\"dynamodb:UpdateItem\"],\"Effect\":\"Allow\",\"Resource\":\"arn:aws:dynamodb:us-east-1:688933602116:table/order-pipeline-orders-dev-inventory\"}]}"
              },
              {
                "name": "order-pipeline-order-processor-dev-sns",
                "policy": "{\"Version\":\"2012-10-17\",\"Statement\":[{\"Action\":[\"sns:Publish\"],\"Effect\":\"Allow\",\"Resource\":\"arn:aws:sns:us-east-1:688933602116:order-pipeline-dev-order-notifications\"}]}"
              },
              {
                "name": "order-pipeline-order-processor-dev-sqs",
                "policy": "{\"Version\":\"2012-10-17\",\"Statement\":[{\"Action\":[\"sqs:ReceiveMessage\",\"sqs:DeleteMessage\",\"sqs:GetQueueAttributes\"],\"Effect\":\"Allow\",\"Resource\":[\"arn:aws:sqs:us-east-1:688933602116:order-pipeline-orders-dev\",\"arn:aws:sqs:us-east-1:688933602116:order-pipeline-orders-dev-dlq\"]}]}"
              }
            ],
            "managed_policy_arns": [
              "arn:aws:iam::aws:policy/service-role/AWSLambdaBasicExecutionRole"
            ],
            "max_session_duration": 3600,
            "name": "order-pipeline-order-processor-dev-role",
            "name_prefix": "",
            "path": "/",
            "permissions_boundary": "",
            "tags": {},
            "tags_all": {
              "Environment": "dev",
              "ManagedBy": "Terraform",
              "Project": "order-pipeline"
            },
            "unique_id": "AROA2AZ5EQNCNXQPEY2V5"
          },
          "sensitive_attributes": [],
          "identity_schema_version": 0,
          "private": "eyJzY2hlbWFfdmVyc2lvbiI6IjAifQ=="
        }
      ]
    },
    {
      "module": "module.lambda_processor",
      "mode": "managed",
      "type": "aws_iam_role_policy",
      "name": "dynamodb_access",
      "provider": "provider[\"registry.terraform.io/hashicorp/aws\"]",
      "instances": [
        {
          "schema_version": 0,
          "attributes": {
            "id": "order-pipeline-order-processor-dev-role:order-pipeline-order-processor-dev-dynamodb",
            "name": "order-pipeline-order-processor-dev-dynamodb",
            "name_prefix": "",
            "policy": "{\"Version\":\"2012-10-17\",\"Statement\":[{\"Action\":[\"dynamodb:UpdateItem\",\"dynamodb:GetItem\"],\"Effect\":\"Allow\",\"Resource\":\"arn:aws:dynamodb:us-east-1:688933602116:table/order-pipeline-orders-dev\"},{\"Action\":[\"dynamodb:GetItem\",\"dynamodb:UpdateItem\"],\"Effect\":\"Allow\",\"Resource\":\"arn:aws:dynamodb:us-east-1:688933602116:table/order-pipeline-orders-dev-inventory\"}]}",
            "role": "order-pipeline-order-processor-dev-role"
          },
          "sensitive_attributes": [],
          "identity_schema_version": 0,
          "private": "bnVsbA==",
          "dependencies": [
            "module.dynamodb.aws_dynamodb_table.inventory",
            "module.dynamodb.aws_dynamodb_table.orders",
            "module.lambda_processor.aws_iam_role.processor_exec"
          ]
        }
      ]
    },
    {
      "module": "module.lambda_processor",
      "mode": "managed",
      "type": "aws_iam_role_policy",
      "name": "sns_publish",
      "provider": "provider[\"registry.terraform.io/hashicorp/aws\"]",
      "instances": [
        {
          "schema_version": 0,
          "attributes": {
            "id": "order-pipeline-order-processor-dev-role:order-pipeline-order-processor-dev-sns",
            "name": "order-pipeline-order-processor-dev-sns",
            "name_prefix": "",
            "policy": "{\"Version\":\"2012-10-17\",\"Statement\":[{\"Action\":[\"sns:Publish\"],\"Effect\":\"Allow\",\"Resource\":\"arn:aws:sns:us-east-1:688933602116:order-pipeline-dev-order-notifications\"}]}",
            "role": "order-pipeline-order-processor-dev-role"
          },
          "sensitive_attributes": [],
          "identity_schema_version": 0,
          "private": "bnVsbA==",
          "dependencies": [
            "module.lambda_processor.aws_iam_role.processor_exec",
            "module.sns.aws_sns_topic.order_notifications"
          ]
        }
      ]
    },
    {
      "module": "module.lambda_processor",
      "mode": "managed",
      "type": "aws_iam_role_policy",
      "name": "sqs_consume",
      "provider": "provider[\"registry.terraform.io/hashicorp/aws\"]",
      "instances": [
        {
          "schema_version": 0,
          "attributes": {
            "id": "order-pipeline-order-processor-dev-role:order-pipeline-order-processor-dev-sqs",
            "name": "order-pipeline-order-processor-dev-sqs",
            "name_prefix": "",
            "policy": "{\"Version\":\"2012-10-17\",\"Statement\":[{\"Action\":[\"sqs:ReceiveMessage\",\"sqs:DeleteMessage\",\"sqs:GetQueueAttributes\"],\"Effect\":\"Allow\",\"Resource\":[\"arn:aws:sqs:us-east-1:688933602116:order-pipeline-orders-dev\",\"arn:aws:sqs:us-east-1:688933602116:order-pipeline-orders-dev-dlq\"]}]}",
            "role": "order-pipeline-order-processor-dev-role"
          },
          "sensitive_attributes": [],
          "identity_schema_version": 0,
          "private": "bnVsbA==",
          "dependencies": [
            "module.lambda_processor.aws_iam_role.processor_exec",
            "module.sqs.aws_sqs_queue.dlq",
            "module.sqs.aws_sqs_queue.orders"
          ]
        }
      ]
    },
    {
      "module": "module.lambda_processor",
      "mode": "managed",
      "type": "aws_iam_role_policy_attachment",
      "name": "basic_execution",
      "provider": "provider[\"registry.terraform.io/hashicorp/aws\"]",
      "instances": [
        {
          "schema_version": 0,
          "attributes": {
            "id": "order-pipeline-order-processor-dev-role-20260527091113495600000002",
            "policy_arn": "arn:aws:iam::aws:policy/service-role/AWSLambdaBasicExecutionRole",
            "role": "order-pipeline-order-processor-dev-role"
          },
          "sensitive_attributes": [],
          "identity_schema_version": 0,
          "private": "bnVsbA==",
          "dependencies": [
            "module.lambda_processor.aws_iam_role.processor_exec"
          ]
        }
      ]
    },
    {
      "module": "module.lambda_processor",
      "mode": "managed",
      "type": "aws_lambda_event_source_mapping",
      "name": "sqs_trigger",
      "provider": "provider[\"registry.terraform.io/hashicorp/aws\"]",
      "instances": [
        {
          "schema_version": 0,
          "attributes": {
            "amazon_managed_kafka_event_source_config": [],
            "arn": "arn:aws:lambda:us-east-1:688933602116:event-source-mapping:2b925976-b1a1-4f16-8ff6-2746398b4c73",
            "batch_size": 10,
            "bisect_batch_on_function_error": false,
            "destination_config": [],
            "document_db_event_source_config": [],
            "enabled": true,
            "event_source_arn": "arn:aws:sqs:us-east-1:688933602116:order-pipeline-orders-dev",
            "filter_criteria": [],
            "function_arn": "arn:aws:lambda:us-east-1:688933602116:function:order-pipeline-order-processor-dev",
            "function_name": "arn:aws:lambda:us-east-1:688933602116:function:order-pipeline-order-processor-dev",
            "function_response_types": [],
            "id": "2b925976-b1a1-4f16-8ff6-2746398b4c73",
            "kms_key_arn": "",
            "last_modified": "2026-05-27T08:48:37Z",
            "last_processing_result": "",
            "maximum_batching_window_in_seconds": 20,
            "maximum_record_age_in_seconds": 0,
            "maximum_retry_attempts": 0,
            "metrics_config": [],
            "parallelization_factor": 0,
            "provisioned_poller_config": [],
            "queues": [],
            "scaling_config": [],
            "self_managed_event_source": [],
            "self_managed_kafka_event_source_config": [],
            "source_access_configuration": [],
            "starting_position": "",
            "starting_position_timestamp": "",
            "state": "Enabled",
            "state_transition_reason": "USER_INITIATED",
            "tags": {},
            "tags_all": {
              "Environment": "dev",
              "ManagedBy": "Terraform",
              "Project": "order-pipeline"
            },
            "topics": [],
            "tumbling_window_in_seconds": 0,
            "uuid": "2b925976-b1a1-4f16-8ff6-2746398b4c73"
          },
          "sensitive_attributes": [],
          "identity_schema_version": 0,
          "private": "eyJzY2hlbWFfdmVyc2lvbiI6IjAifQ==",
          "dependencies": [
            "data.archive_file.order_processor",
            "module.dynamodb.aws_dynamodb_table.inventory",
            "module.dynamodb.aws_dynamodb_table.orders",
            "module.lambda_processor.aws_iam_role.processor_exec",
            "module.lambda_processor.aws_lambda_function.this",
            "module.sns.aws_sns_topic.order_notifications",
            "module.sqs.aws_sqs_queue.dlq",
            "module.sqs.aws_sqs_queue.orders"
          ]
        }
      ]
    },
    {
      "module": "module.lambda_processor",
      "mode": "managed",
      "type": "aws_lambda_function",
      "name": "this",
      "provider": "provider[\"registry.terraform.io/hashicorp/aws\"]",
      "instances": [
        {
          "schema_version": 0,
          "attributes": {
            "architectures": [
              "x86_64"
            ],
            "arn": "arn:aws:lambda:us-east-1:688933602116:function:order-pipeline-order-processor-dev",
            "code_sha256": "xpCk1vScrDiSJm0Aosdfk0t0Rud76w9G7Oc5tu4wCsg=",
            "code_signing_config_arn": "",
            "dead_letter_config": [],
            "description": "",
            "environment": [
              {
                "variables": {
                  "DYNAMODB_TABLE": "order-pipeline-orders-dev",
                  "ENVIRONMENT": "dev",
                  "INVENTORY_TABLE": "order-pipeline-orders-dev-inventory",
                  "SNS_TOPIC_ARN": "arn:aws:sns:us-east-1:688933602116:order-pipeline-dev-order-notifications"
                }
              }
            ],
            "ephemeral_storage": [
              {
                "size": 512
              }
            ],
            "file_system_config": [],
            "filename": "./builds/order_processor.zip",
            "function_name": "order-pipeline-order-processor-dev",
            "handler": "handler.lambda_handler",
            "id": "order-pipeline-order-processor-dev",
            "image_config": [],
            "image_uri": "",
            "invoke_arn": "arn:aws:apigateway:us-east-1:lambda:path/2015-03-31/functions/arn:aws:lambda:us-east-1:688933602116:function:order-pipeline-order-processor-dev/invocations",
            "kms_key_arn": "",
            "last_modified": "2026-05-27T09:32:39.000+0000",
            "layers": [],
            "logging_config": [
              {
                "application_log_level": "",
                "log_format": "Text",
                "log_group": "/aws/lambda/order-pipeline-order-processor-dev",
                "system_log_level": ""
              }
            ],
            "memory_size": 128,
            "package_type": "Zip",
            "publish": false,
            "qualified_arn": "arn:aws:lambda:us-east-1:688933602116:function:order-pipeline-order-processor-dev:$LATEST",
            "qualified_invoke_arn": "arn:aws:apigateway:us-east-1:lambda:path/2015-03-31/functions/arn:aws:lambda:us-east-1:688933602116:function:order-pipeline-order-processor-dev:$LATEST/invocations",
            "replace_security_groups_on_destroy": null,
            "replacement_security_group_ids": null,
            "reserved_concurrent_executions": -1,
            "role": "arn:aws:iam::688933602116:role/order-pipeline-order-processor-dev-role",
            "runtime": "python3.12",
            "s3_bucket": null,
            "s3_key": null,
            "s3_object_version": null,
            "signing_job_arn": "",
            "signing_profile_version_arn": "",
            "skip_destroy": false,
            "snap_start": [],
            "source_code_hash": "xpCk1vScrDiSJm0Aosdfk0t0Rud76w9G7Oc5tu4wCsg=",
            "source_code_size": 3198,
            "tags": {},
            "tags_all": {
              "Environment": "dev",
              "ManagedBy": "Terraform",
              "Project": "order-pipeline"
            },
            "timeout": 30,
            "timeouts": null,
            "tracing_config": [
              {
                "mode": "PassThrough"
              }
            ],
            "version": "$LATEST",
            "vpc_config": []
          },
          "sensitive_attributes": [],
          "identity_schema_version": 0,
          "private": "eyJlMmJmYjczMC1lY2FhLTExZTYtOGY4OC0zNDM2M2JjN2M0YzAiOnsiY3JlYXRlIjo2MDAwMDAwMDAwMDAsImRlbGV0ZSI6NjAwMDAwMDAwMDAwLCJ1cGRhdGUiOjYwMDAwMDAwMDAwMH19",
          "dependencies": [
            "data.archive_file.order_processor",
            "module.dynamodb.aws_dynamodb_table.inventory",
            "module.dynamodb.aws_dynamodb_table.orders",
            "module.lambda_processor.aws_iam_role.processor_exec",
            "module.sns.aws_sns_topic.order_notifications"
          ]
        }
      ]
    },
    {
      "module": "module.sns",
      "mode": "managed",
      "type": "aws_sns_topic",
      "name": "ops_alerts",
      "provider": "provider[\"registry.terraform.io/hashicorp/aws\"]",
      "instances": [
        {
          "schema_version": 0,
          "attributes": {
            "application_failure_feedback_role_arn": "",
            "application_success_feedback_role_arn": "",
            "application_success_feedback_sample_rate": 0,
            "archive_policy": "",
            "arn": "arn:aws:sns:us-east-1:688933602116:order-pipeline-dev-ops-alerts",
            "beginning_archive_time": "",
            "content_based_deduplication": false,
            "delivery_policy": "",
            "display_name": "",
            "fifo_throughput_scope": "",
            "fifo_topic": false,
            "firehose_failure_feedback_role_arn": "",
            "firehose_success_feedback_role_arn": "",
            "firehose_success_feedback_sample_rate": 0,
            "http_failure_feedback_role_arn": "",
            "http_success_feedback_role_arn": "",
            "http_success_feedback_sample_rate": 0,
            "id": "arn:aws:sns:us-east-1:688933602116:order-pipeline-dev-ops-alerts",
            "kms_master_key_id": "",
            "lambda_failure_feedback_role_arn": "",
            "lambda_success_feedback_role_arn": "",
            "lambda_success_feedback_sample_rate": 0,
            "name": "order-pipeline-dev-ops-alerts",
            "name_prefix": "",
            "owner": "688933602116",
            "policy": "{\"Id\":\"__default_policy_ID\",\"Statement\":[{\"Action\":[\"SNS:GetTopicAttributes\",\"SNS:SetTopicAttributes\",\"SNS:AddPermission\",\"SNS:RemovePermission\",\"SNS:DeleteTopic\",\"SNS:Subscribe\",\"SNS:ListSubscriptionsByTopic\",\"SNS:Publish\"],\"Condition\":{\"StringEquals\":{\"AWS:SourceOwner\":\"688933602116\"}},\"Effect\":\"Allow\",\"Principal\":{\"AWS\":\"*\"},\"Resource\":\"arn:aws:sns:us-east-1:688933602116:order-pipeline-dev-ops-alerts\",\"Sid\":\"__default_statement_ID\"}],\"Version\":\"2008-10-17\"}",
            "signature_version": 0,
            "sqs_failure_feedback_role_arn": "",
            "sqs_success_feedback_role_arn": "",
            "sqs_success_feedback_sample_rate": 0,
            "tags": {
              "Name": "order-pipeline-dev-ops-alerts"
            },
            "tags_all": {
              "Environment": "dev",
              "ManagedBy": "Terraform",
              "Name": "order-pipeline-dev-ops-alerts",
              "Project": "order-pipeline"
            },
            "tracing_config": ""
          },
          "sensitive_attributes": [],
          "identity_schema_version": 0,
          "private": "bnVsbA=="
        }
      ]
    },
    {
      "module": "module.sns",
      "mode": "managed",
      "type": "aws_sns_topic",
      "name": "order_notifications",
      "provider": "provider[\"registry.terraform.io/hashicorp/aws\"]",
      "instances": [
        {
          "schema_version": 0,
          "attributes": {
            "application_failure_feedback_role_arn": "",
            "application_success_feedback_role_arn": "",
            "application_success_feedback_sample_rate": 0,
            "archive_policy": "",
            "arn": "arn:aws:sns:us-east-1:688933602116:order-pipeline-dev-order-notifications",
            "beginning_archive_time": "",
            "content_based_deduplication": false,
            "delivery_policy": "",
            "display_name": "",
            "fifo_throughput_scope": "",
            "fifo_topic": false,
            "firehose_failure_feedback_role_arn": "",
            "firehose_success_feedback_role_arn": "",
            "firehose_success_feedback_sample_rate": 0,
            "http_failure_feedback_role_arn": "",
            "http_success_feedback_role_arn": "",
            "http_success_feedback_sample_rate": 0,
            "id": "arn:aws:sns:us-east-1:688933602116:order-pipeline-dev-order-notifications",
            "kms_master_key_id": "",
            "lambda_failure_feedback_role_arn": "",
            "lambda_success_feedback_role_arn": "",
            "lambda_success_feedback_sample_rate": 0,
            "name": "order-pipeline-dev-order-notifications",
            "name_prefix": "",
            "owner": "688933602116",
            "policy": "{\"Id\":\"__default_policy_ID\",\"Statement\":[{\"Action\":[\"SNS:GetTopicAttributes\",\"SNS:SetTopicAttributes\",\"SNS:AddPermission\",\"SNS:RemovePermission\",\"SNS:DeleteTopic\",\"SNS:Subscribe\",\"SNS:ListSubscriptionsByTopic\",\"SNS:Publish\"],\"Condition\":{\"StringEquals\":{\"AWS:SourceOwner\":\"688933602116\"}},\"Effect\":\"Allow\",\"Principal\":{\"AWS\":\"*\"},\"Resource\":\"arn:aws:sns:us-east-1:688933602116:order-pipeline-dev-order-notifications\",\"Sid\":\"__default_statement_ID\"}],\"Version\":\"2008-10-17\"}",
            "signature_version": 0,
            "sqs_failure_feedback_role_arn": "",
            "sqs_success_feedback_role_arn": "",
            "sqs_success_feedback_sample_rate": 0,
            "tags": {
              "Name": "order-pipeline-dev-order-notifications"
            },
            "tags_all": {
              "Environment": "dev",
              "ManagedBy": "Terraform",
              "Name": "order-pipeline-dev-order-notifications",
              "Project": "order-pipeline"
            },
            "tracing_config": ""
          },
          "sensitive_attributes": [],
          "identity_schema_version": 0,
          "private": "bnVsbA=="
        }
      ]
    },
    {
      "module": "module.sns",
      "mode": "managed",
      "type": "aws_sns_topic_subscription",
      "name": "ops_email",
      "provider": "provider[\"registry.terraform.io/hashicorp/aws\"]",
      "instances": [
        {
          "schema_version": 0,
          "attributes": {
            "arn": "arn:aws:sns:us-east-1:688933602116:order-pipeline-dev-ops-alerts:3d1cc6df-9c4a-440a-b951-1c2086961ff9",
            "confirmation_timeout_in_minutes": 1,
            "confirmation_was_authenticated": false,
            "delivery_policy": "",
            "endpoint": "your-email@gmail.com",
            "endpoint_auto_confirms": false,
            "filter_policy": "",
            "filter_policy_scope": "",
            "id": "arn:aws:sns:us-east-1:688933602116:order-pipeline-dev-ops-alerts:3d1cc6df-9c4a-440a-b951-1c2086961ff9",
            "owner_id": "688933602116",
            "pending_confirmation": true,
            "protocol": "email",
            "raw_message_delivery": false,
            "redrive_policy": "",
            "replay_policy": "",
            "subscription_role_arn": "",
            "topic_arn": "arn:aws:sns:us-east-1:688933602116:order-pipeline-dev-ops-alerts"
          },
          "sensitive_attributes": [],
          "identity_schema_version": 0,
          "private": "bnVsbA==",
          "dependencies": [
            "module.sns.aws_sns_topic.ops_alerts"
          ]
        }
      ]
    },
    {
      "module": "module.sns",
      "mode": "managed",
      "type": "aws_sns_topic_subscription",
      "name": "order_email",
      "provider": "provider[\"registry.terraform.io/hashicorp/aws\"]",
      "instances": [
        {
          "schema_version": 0,
          "attributes": {
            "arn": "arn:aws:sns:us-east-1:688933602116:order-pipeline-dev-order-notifications:04941022-e42f-4f83-8905-e11e3c9a8c08",
            "confirmation_timeout_in_minutes": 1,
            "confirmation_was_authenticated": false,
            "delivery_policy": "",
            "endpoint": "your-email@gmail.com",
            "endpoint_auto_confirms": false,
            "filter_policy": "",
            "filter_policy_scope": "",
            "id": "arn:aws:sns:us-east-1:688933602116:order-pipeline-dev-order-notifications:04941022-e42f-4f83-8905-e11e3c9a8c08",
            "owner_id": "688933602116",
            "pending_confirmation": true,
            "protocol": "email",
            "raw_message_delivery": false,
            "redrive_policy": "",
            "replay_policy": "",
            "subscription_role_arn": "",
            "topic_arn": "arn:aws:sns:us-east-1:688933602116:order-pipeline-dev-order-notifications"
          },
          "sensitive_attributes": [],
          "identity_schema_version": 0,
          "private": "bnVsbA==",
          "dependencies": [
            "module.sns.aws_sns_topic.order_notifications"
          ]
        }
      ]
    },
    {
      "module": "module.sqs",
      "mode": "managed",
      "type": "aws_sqs_queue",
      "name": "dlq",
      "provider": "provider[\"registry.terraform.io/hashicorp/aws\"]",
      "instances": [
        {
          "schema_version": 0,
          "attributes": {
            "arn": "arn:aws:sqs:us-east-1:688933602116:order-pipeline-orders-dev-dlq",
            "content_based_deduplication": false,
            "deduplication_scope": "",
            "delay_seconds": 0,
            "fifo_queue": false,
            "fifo_throughput_limit": "",
            "id": "https://sqs.us-east-1.amazonaws.com/688933602116/order-pipeline-orders-dev-dlq",
            "kms_data_key_reuse_period_seconds": 300,
            "kms_master_key_id": "",
            "max_message_size": 262144,
            "message_retention_seconds": 1209600,
            "name": "order-pipeline-orders-dev-dlq",
            "name_prefix": "",
            "policy": "",
            "receive_wait_time_seconds": 0,
            "redrive_allow_policy": "",
            "redrive_policy": "",
            "sqs_managed_sse_enabled": true,
            "tags": {
              "Name": "order-pipeline-orders-dev-dlq"
            },
            "tags_all": {
              "Environment": "dev",
              "ManagedBy": "Terraform",
              "Name": "order-pipeline-orders-dev-dlq",
              "Project": "order-pipeline"
            },
            "timeouts": null,
            "url": "https://sqs.us-east-1.amazonaws.com/688933602116/order-pipeline-orders-dev-dlq",
            "visibility_timeout_seconds": 30
          },
          "sensitive_attributes": [],
          "identity_schema_version": 0,
          "private": "eyJlMmJmYjczMC1lY2FhLTExZTYtOGY4OC0zNDM2M2JjN2M0YzAiOnsiY3JlYXRlIjoxODAwMDAwMDAwMDAsImRlbGV0ZSI6MTgwMDAwMDAwMDAwLCJ1cGRhdGUiOjE4MDAwMDAwMDAwMH19",
          "create_before_destroy": true
        }
      ]
    },
    {
      "module": "module.sqs",
      "mode": "managed",
      "type": "aws_sqs_queue",
      "name": "orders",
      "provider": "provider[\"registry.terraform.io/hashicorp/aws\"]",
      "instances": [
        {
          "schema_version": 0,
          "attributes": {
            "arn": "arn:aws:sqs:us-east-1:688933602116:order-pipeline-orders-dev",
            "content_based_deduplication": false,
            "deduplication_scope": "",
            "delay_seconds": 0,
            "fifo_queue": false,
            "fifo_throughput_limit": "",
            "id": "https://sqs.us-east-1.amazonaws.com/688933602116/order-pipeline-orders-dev",
            "kms_data_key_reuse_period_seconds": 300,
            "kms_master_key_id": "",
            "max_message_size": 262144,
            "message_retention_seconds": 345600,
            "name": "order-pipeline-orders-dev",
            "name_prefix": "",
            "policy": "",
            "receive_wait_time_seconds": 0,
            "redrive_allow_policy": "",
            "redrive_policy": "{\"deadLetterTargetArn\":\"arn:aws:sqs:us-east-1:688933602116:order-pipeline-orders-dev-dlq\",\"maxReceiveCount\":3}",
            "sqs_managed_sse_enabled": true,
            "tags": {
              "Name": "order-pipeline-orders-dev"
            },
            "tags_all": {
              "Environment": "dev",
              "ManagedBy": "Terraform",
              "Name": "order-pipeline-orders-dev",
              "Project": "order-pipeline"
            },
            "timeouts": null,
            "url": "https://sqs.us-east-1.amazonaws.com/688933602116/order-pipeline-orders-dev",
            "visibility_timeout_seconds": 60
          },
          "sensitive_attributes": [],
          "identity_schema_version": 0,
          "private": "eyJlMmJmYjczMC1lY2FhLTExZTYtOGY4OC0zNDM2M2JjN2M0YzAiOnsiY3JlYXRlIjoxODAwMDAwMDAwMDAsImRlbGV0ZSI6MTgwMDAwMDAwMDAwLCJ1cGRhdGUiOjE4MDAwMDAwMDAwMH19",
          "dependencies": [
            "module.sqs.aws_sqs_queue.dlq"
          ],
          "create_before_destroy": true
        }
      ]
    }
  ],
  "check_results": [
    {
      "object_kind": "var",
      "config_addr": "var.environment",
      "status": "pass",
      "objects": [
        {
          "object_addr": "var.environment",
          "status": "pass"
        }
      ]
    }
  ]
}
