{
  "version": 4,
  "terraform_version": "1.14.8",
  "serial": 40,
  "lineage": "7322cfe9-e06b-3ac9-6996-3553cc955a25",
  "outputs": {
    "alb_endpoint": {
      "value": "http://order-pipeline-dev-alb-421855079.us-east-1.elb.amazonaws.com",
      "type": "string"
    },
    "api_endpoint": {
      "value": "https://1u9dq816q7.execute-api.us-east-1.amazonaws.com/dev/orders",
      "type": "string"
    },
    "asg_name": {
      "value": "order-pipeline-dev-asg",
      "type": "string"
    },
    "dlq_url": {
      "value": "https://sqs.us-east-1.amazonaws.com/688933602116/order-pipeline-orders-dev-dlq",
      "type": "string"
    },
    "dynamodb_table_name": {
      "value": "order-pipeline-orders-dev",
      "type": "string"
    },
    "lambda_intake_log_group": {
      "value": "/aws/lambda/order-pipeline-order-intake-dev",
      "type": "string"
    },
    "lambda_processor_log_group": {
      "value": "/aws/lambda/order-pipeline-order-processor-dev",
      "type": "string"
    },
    "sqs_queue_url": {
      "value": "https://sqs.us-east-1.amazonaws.com/688933602116/order-pipeline-orders-dev",
      "type": "string"
    }
  },
  "resources": [
    {
      "mode": "data",
      "type": "archive_file",
      "name": "order_intake",
      "provider": "provider[\"registry.terraform.io/hashicorp/archive\"]",
      "instances": [
        {
          "schema_version": 0,
          "attributes": {
            "exclude_symlink_directories": null,
            "excludes": null,
            "id": "c80be09a5562d49f6d02db89bcabded9482c310e",
            "output_base64sha256": "dPVAWdcT5iDpzjBHtlPlpM2KrcZVaDKJT7IiDQpDceI=",
            "output_base64sha512": "LEgd2NE4UjcSNWeWqtTC6kVcVGagAYMDilmZqlioBiZndUfzoBJnxiIp6Fc14Xz51VRsVZ7hyBQJvJUa8LpvLg==",
            "output_file_mode": null,
            "output_md5": "8bb44db6cd13c12da81bbef334b3f846",
            "output_path": "./builds/order_intake.zip",
            "output_sha": "c80be09a5562d49f6d02db89bcabded9482c310e",
            "output_sha256": "74f54059d713e620e9ce3047b653e5a4cd8aadc6556832894fb2220d0a4371e2",
            "output_sha512": "2c481dd8d138523712356796aad4c2ea455c5466a00183038a5999aa58a80626677547f3a01267c62229e85735e17cf9d5546c559ee1c81409bc951af0ba6f2e",
            "output_size": 1042,
            "source": [],
            "source_content": null,
            "source_content_filename": null,
            "source_dir": "./lambdas/order_intake",
            "source_file": null,
            "type": "zip"
          },
          "sensitive_attributes": [],
          "identity_schema_version": 0
        }
      ]
    },
    {
      "mode": "data",
      "type": "archive_file",
      "name": "order_processor",
      "provider": "provider[\"registry.terraform.io/hashicorp/archive\"]",
      "instances": [
        {
          "schema_version": 0,
          "attributes": {
            "exclude_symlink_directories": null,
            "excludes": null,
            "id": "b5a1c308b10c008b72eeb1bf986e24f9ec3fe20f",
            "output_base64sha256": "KBVoqvog8ppJUcY7oN/FKJMfciaAlSQ5JTgNUx5SqgE=",
            "output_base64sha512": "zDPJzgRHOJmky9J/dYSpYBKW8zDwjlsjDiBfS2AdBVd1OBDUI107OmcgHfjxrKyGKt4nZ2o+qsSFI94vMFM8kw==",
            "output_file_mode": null,
            "output_md5": "32f863505d0511b36551610c16cfb14b",
            "output_path": "./builds/order_processor.zip",
            "output_sha": "b5a1c308b10c008b72eeb1bf986e24f9ec3fe20f",
            "output_sha256": "281568aafa20f29a4951c63ba0dfc528931f72268095243925380d531e52aa01",
            "output_sha512": "cc33c9ce04473899a4cbd27f7584a9601296f330f08e5b230e205f4b601d0557753810d4235d3b3a67201df8f1acac862ade27676a3eaac48523de2f30533c93",
            "output_size": 3666,
            "source": [],
            "source_content": null,
            "source_content_filename": null,
            "source_dir": "./lambdas/order_processor",
            "source_file": null,
            "type": "zip"
          },
          "sensitive_attributes": [],
          "identity_schema_version": 0
        }
      ]
    },
    {
      "module": "module.alb",
      "mode": "data",
      "type": "aws_subnets",
      "name": "default",
      "provider": "provider[\"registry.terraform.io/hashicorp/aws\"]",
      "instances": [
        {
          "schema_version": 0,
          "attributes": {
            "filter": [
              {
                "name": "availabilityZone",
                "values": [
                  "us-east-1a",
                  "us-east-1b",
                  "us-east-1c",
                  "us-east-1d",
                  "us-east-1f"
                ]
              },
              {
                "name": "vpc-id",
                "values": [
                  "vpc-01a3397236fb64163"
                ]
              }
            ],
            "id": "us-east-1",
            "ids": [
              "subnet-01a46241b4f4ab610",
              "subnet-04117735f47ecbdc9",
              "subnet-083c3561a6ca8de8e",
              "subnet-0c8c8709abed908e6",
              "subnet-04d8d5def61de2fe6"
            ],
            "tags": null,
            "timeouts": null
          },
          "sensitive_attributes": [],
          "identity_schema_version": 0
        }
      ]
    },
    {
      "module": "module.alb",
      "mode": "data",
      "type": "aws_vpc",
      "name": "default",
      "provider": "provider[\"registry.terraform.io/hashicorp/aws\"]",
      "instances": [
        {
          "schema_version": 0,
          "attributes": {
            "arn": "arn:aws:ec2:us-east-1:688933602116:vpc/vpc-01a3397236fb64163",
            "cidr_block": "172.31.0.0/16",
            "cidr_block_associations": [
              {
                "association_id": "vpc-cidr-assoc-09d571e3faec95e61",
                "cidr_block": "172.31.0.0/16",
                "state": "associated"
              }
            ],
            "default": true,
            "dhcp_options_id": "dopt-0d177b62b30e923eb",
            "enable_dns_hostnames": true,
            "enable_dns_support": true,
            "enable_network_address_usage_metrics": false,
            "filter": null,
            "id": "vpc-01a3397236fb64163",
            "instance_tenancy": "default",
            "ipv6_association_id": "",
            "ipv6_cidr_block": "",
            "main_route_table_id": "rtb-095261a5de0e23098",
            "owner_id": "688933602116",
            "state": null,
            "tags": {},
            "timeouts": null
          },
          "sensitive_attributes": [],
          "identity_schema_version": 0
        }
      ]
    },
    {
      "module": "module.alb",
      "mode": "managed",
      "type": "aws_lb",
      "name": "this",
      "provider": "provider[\"registry.terraform.io/hashicorp/aws\"]",
      "instances": [
        {
          "schema_version": 0,
          "attributes": {
            "access_logs": [
              {
                "bucket": "",
                "enabled": false,
                "prefix": ""
              }
            ],
            "arn": "arn:aws:elasticloadbalancing:us-east-1:688933602116:loadbalancer/app/order-pipeline-dev-alb/44b43453c975e25b",
            "arn_suffix": "app/order-pipeline-dev-alb/44b43453c975e25b",
            "client_keep_alive": 3600,
            "connection_logs": [
              {
                "bucket": "",
                "enabled": false,
                "prefix": ""
              }
            ],
            "customer_owned_ipv4_pool": "",
            "desync_mitigation_mode": "defensive",
            "dns_name": "order-pipeline-dev-alb-421855079.us-east-1.elb.amazonaws.com",
            "dns_record_client_routing_policy": null,
            "drop_invalid_header_fields": false,
            "enable_cross_zone_load_balancing": true,
            "enable_deletion_protection": false,
            "enable_http2": true,
            "enable_tls_version_and_cipher_suite_headers": false,
            "enable_waf_fail_open": false,
            "enable_xff_client_port": false,
            "enable_zonal_shift": false,
            "enforce_security_group_inbound_rules_on_private_link_traffic": "",
            "id": "arn:aws:elasticloadbalancing:us-east-1:688933602116:loadbalancer/app/order-pipeline-dev-alb/44b43453c975e25b",
            "idle_timeout": 60,
            "internal": false,
            "ip_address_type": "ipv4",
            "ipam_pools": [],
            "load_balancer_type": "application",
            "minimum_load_balancer_capacity": [],
            "name": "order-pipeline-dev-alb",
            "name_prefix": "",
            "preserve_host_header": false,
            "security_groups": [
              "sg-0ef5ef5a55c873292"
            ],
            "subnet_mapping": [
              {
                "allocation_id": "",
                "ipv6_address": "",
                "outpost_id": "",
                "private_ipv4_address": "",
                "subnet_id": "subnet-01a46241b4f4ab610"
              },
              {
                "allocation_id": "",
                "ipv6_address": "",
                "outpost_id": "",
                "private_ipv4_address": "",
                "subnet_id": "subnet-04117735f47ecbdc9"
              },
              {
                "allocation_id": "",
                "ipv6_address": "",
                "outpost_id": "",
                "private_ipv4_address": "",
                "subnet_id": "subnet-04d8d5def61de2fe6"
              },
              {
                "allocation_id": "",
                "ipv6_address": "",
                "outpost_id": "",
                "private_ipv4_address": "",
                "subnet_id": "subnet-083c3561a6ca8de8e"
              },
              {
                "allocation_id": "",
                "ipv6_address": "",
                "outpost_id": "",
                "private_ipv4_address": "",
                "subnet_id": "subnet-0c8c8709abed908e6"
              }
            ],
            "subnets": [
              "subnet-01a46241b4f4ab610",
              "subnet-04117735f47ecbdc9",
              "subnet-04d8d5def61de2fe6",
              "subnet-083c3561a6ca8de8e",
              "subnet-0c8c8709abed908e6"
            ],
            "tags": {
              "Name": "order-pipeline-dev-alb"
            },
            "tags_all": {
              "Environment": "dev",
              "ManagedBy": "Terraform",
              "Name": "order-pipeline-dev-alb",
              "Project": "order-pipeline"
            },
            "timeouts": null,
            "vpc_id": "vpc-01a3397236fb64163",
            "xff_header_processing_mode": "append",
            "zone_id": "Z35SXDOTRQ7X7K"
          },
          "sensitive_attributes": [],
          "identity_schema_version": 0,
          "private": "eyJlMmJmYjczMC1lY2FhLTExZTYtOGY4OC0zNDM2M2JjN2M0YzAiOnsiY3JlYXRlIjo2MDAwMDAwMDAwMDAsImRlbGV0ZSI6NjAwMDAwMDAwMDAwLCJ1cGRhdGUiOjYwMDAwMDAwMDAwMH19",
          "dependencies": [
            "module.alb.aws_security_group.alb",
            "module.alb.data.aws_subnets.default",
            "module.alb.data.aws_vpc.default"
          ]
        }
      ]
    },
    {
      "module": "module.alb",
      "mode": "managed",
      "type": "aws_lb_listener",
      "name": "http",
      "provider": "provider[\"registry.terraform.io/hashicorp/aws\"]",
      "instances": [
        {
          "schema_version": 0,
          "attributes": {
            "alpn_policy": null,
            "arn": "arn:aws:elasticloadbalancing:us-east-1:688933602116:listener/app/order-pipeline-dev-alb/44b43453c975e25b/fbf239db786ac7b6",
            "certificate_arn": null,
            "default_action": [
              {
                "authenticate_cognito": [],
                "authenticate_oidc": [],
                "fixed_response": [],
                "forward": [],
                "order": 1,
                "redirect": [],
                "target_group_arn": "arn:aws:elasticloadbalancing:us-east-1:688933602116:targetgroup/order-pipeline-dev-tg/3d6a2ff70f5a5e98",
                "type": "forward"
              }
            ],
            "id": "arn:aws:elasticloadbalancing:us-east-1:688933602116:listener/app/order-pipeline-dev-alb/44b43453c975e25b/fbf239db786ac7b6",
            "load_balancer_arn": "arn:aws:elasticloadbalancing:us-east-1:688933602116:loadbalancer/app/order-pipeline-dev-alb/44b43453c975e25b",
            "mutual_authentication": [],
            "port": 80,
            "protocol": "HTTP",
            "routing_http_request_x_amzn_mtls_clientcert_header_name": null,
            "routing_http_request_x_amzn_mtls_clientcert_issuer_header_name": null,
            "routing_http_request_x_amzn_mtls_clientcert_leaf_header_name": null,
            "routing_http_request_x_amzn_mtls_clientcert_serial_number_header_name": null,
            "routing_http_request_x_amzn_mtls_clientcert_subject_header_name": null,
            "routing_http_request_x_amzn_mtls_clientcert_validity_header_name": null,
            "routing_http_request_x_amzn_tls_cipher_suite_header_name": null,
            "routing_http_request_x_amzn_tls_version_header_name": null,
            "routing_http_response_access_control_allow_credentials_header_value": "",
            "routing_http_response_access_control_allow_headers_header_value": "",
            "routing_http_response_access_control_allow_methods_header_value": "",
            "routing_http_response_access_control_allow_origin_header_value": "",
            "routing_http_response_access_control_expose_headers_header_value": "",
            "routing_http_response_access_control_max_age_header_value": "",
            "routing_http_response_content_security_policy_header_value": "",
            "routing_http_response_server_enabled": true,
            "routing_http_response_strict_transport_security_header_value": "",
            "routing_http_response_x_content_type_options_header_value": "",
            "routing_http_response_x_frame_options_header_value": "",
            "ssl_policy": "",
            "tags": null,
            "tags_all": {
              "Environment": "dev",
              "ManagedBy": "Terraform",
              "Project": "order-pipeline"
            },
            "tcp_idle_timeout_seconds": null,
            "timeouts": null
          },
          "sensitive_attributes": [],
          "identity_schema_version": 0,
          "private": "eyJlMmJmYjczMC1lY2FhLTExZTYtOGY4OC0zNDM2M2JjN2M0YzAiOnsiY3JlYXRlIjozMDAwMDAwMDAwMDAsInVwZGF0ZSI6MzAwMDAwMDAwMDAwfX0=",
          "dependencies": [
            "module.alb.aws_lb.this",
            "module.alb.aws_lb_target_group.this",
            "module.alb.aws_security_group.alb",
            "module.alb.data.aws_subnets.default",
            "module.alb.data.aws_vpc.default"
          ]
        }
      ]
    },
    {
      "module": "module.alb",
      "mode": "managed",
      "type": "aws_lb_target_group",
      "name": "this",
      "provider": "provider[\"registry.terraform.io/hashicorp/aws\"]",
      "instances": [
        {
          "schema_version": 0,
          "attributes": {
            "arn": "arn:aws:elasticloadbalancing:us-east-1:688933602116:targetgroup/order-pipeline-dev-tg/3d6a2ff70f5a5e98",
            "arn_suffix": "targetgroup/order-pipeline-dev-tg/3d6a2ff70f5a5e98",
            "connection_termination": null,
            "deregistration_delay": "300",
            "health_check": [
              {
                "enabled": true,
                "healthy_threshold": 2,
                "interval": 30,
                "matcher": "200",
                "path": "/health",
                "port": "traffic-port",
                "protocol": "HTTP",
                "timeout": 5,
                "unhealthy_threshold": 3
              }
            ],
            "id": "arn:aws:elasticloadbalancing:us-east-1:688933602116:targetgroup/order-pipeline-dev-tg/3d6a2ff70f5a5e98",
            "ip_address_type": "ipv4",
            "lambda_multi_value_headers_enabled": false,
            "load_balancer_arns": [],
            "load_balancing_algorithm_type": "round_robin",
            "load_balancing_anomaly_mitigation": "off",
            "load_balancing_cross_zone_enabled": "use_load_balancer_configuration",
            "name": "order-pipeline-dev-tg",
            "name_prefix": "",
            "port": 8080,
            "preserve_client_ip": null,
            "protocol": "HTTP",
            "protocol_version": "HTTP1",
            "proxy_protocol_v2": false,
            "slow_start": 0,
            "stickiness": [
              {
                "cookie_duration": 86400,
                "cookie_name": "",
                "enabled": false,
                "type": "lb_cookie"
              }
            ],
            "tags": {
              "Name": "order-pipeline-dev-tg"
            },
            "tags_all": {
              "Environment": "dev",
              "ManagedBy": "Terraform",
              "Name": "order-pipeline-dev-tg",
              "Project": "order-pipeline"
            },
            "target_failover": [
              {
                "on_deregistration": null,
                "on_unhealthy": null
              }
            ],
            "target_group_health": [
              {
                "dns_failover": [
                  {
                    "minimum_healthy_targets_count": "1",
                    "minimum_healthy_targets_percentage": "off"
                  }
                ],
                "unhealthy_state_routing": [
                  {
                    "minimum_healthy_targets_count": 1,
                    "minimum_healthy_targets_percentage": "off"
                  }
                ]
              }
            ],
            "target_health_state": [
              {
                "enable_unhealthy_connection_termination": null,
                "unhealthy_draining_interval": null
              }
            ],
            "target_type": "instance",
            "vpc_id": "vpc-01a3397236fb64163"
          },
          "sensitive_attributes": [],
          "identity_schema_version": 0,
          "private": "bnVsbA==",
          "dependencies": [
            "module.alb.data.aws_vpc.default"
          ]
        }
      ]
    },
    {
      "module": "module.alb",
      "mode": "managed",
      "type": "aws_security_group",
      "name": "alb",
      "provider": "provider[\"registry.terraform.io/hashicorp/aws\"]",
      "instances": [
        {
          "schema_version": 1,
          "attributes": {
            "arn": "arn:aws:ec2:us-east-1:688933602116:security-group/sg-0ef5ef5a55c873292",
            "description": "Allow HTTP inbound to the ALB from the internet",
            "egress": [
              {
                "cidr_blocks": [
                  "0.0.0.0/0"
                ],
                "description": "Allow all outbound (to reach EC2 instances)",
                "from_port": 0,
                "ipv6_cidr_blocks": [],
                "prefix_list_ids": [],
                "protocol": "-1",
                "security_groups": [],
                "self": false,
                "to_port": 0
              }
            ],
            "id": "sg-0ef5ef5a55c873292",
            "ingress": [
              {
                "cidr_blocks": [
                  "0.0.0.0/0"
                ],
                "description": "HTTP from anywhere",
                "from_port": 80,
                "ipv6_cidr_blocks": [],
                "prefix_list_ids": [],
                "protocol": "tcp",
                "security_groups": [],
                "self": false,
                "to_port": 80
              }
            ],
            "name": "order-pipeline-dev-alb-sg",
            "name_prefix": "",
            "owner_id": "688933602116",
            "revoke_rules_on_delete": false,
            "tags": {
              "Name": "order-pipeline-dev-alb-sg"
            },
            "tags_all": {
              "Environment": "dev",
              "ManagedBy": "Terraform",
              "Name": "order-pipeline-dev-alb-sg",
              "Project": "order-pipeline"
            },
            "timeouts": null,
            "vpc_id": "vpc-01a3397236fb64163"
          },
          "sensitive_attributes": [],
          "identity_schema_version": 0,
          "private": "eyJlMmJmYjczMC1lY2FhLTExZTYtOGY4OC0zNDM2M2JjN2M0YzAiOnsiY3JlYXRlIjo2MDAwMDAwMDAwMDAsImRlbGV0ZSI6OTAwMDAwMDAwMDAwfSwic2NoZW1hX3ZlcnNpb24iOiIxIn0=",
          "dependencies": [
            "module.alb.data.aws_vpc.default"
          ],
          "create_before_destroy": true
        }
      ]
    },
    {
      "module": "module.api_gateway",
      "mode": "managed",
      "type": "aws_api_gateway_deployment",
      "name": "this",
      "provider": "provider[\"registry.terraform.io/hashicorp/aws\"]",
      "instances": [
        {
          "schema_version": 0,
          "attributes": {
            "canary_settings": [],
            "created_date": "2026-05-26T08:18:53Z",
            "description": "",
            "execution_arn": "arn:aws:execute-api:us-east-1:688933602116:1u9dq816q7/",
            "id": "uptaau",
            "invoke_url": "https://1u9dq816q7.execute-api.us-east-1.amazonaws.com/",
            "rest_api_id": "1u9dq816q7",
            "stage_description": null,
            "stage_name": null,
            "triggers": null,
            "variables": null
          },
          "sensitive_attributes": [],
          "identity_schema_version": 0,
          "private": "bnVsbA==",
          "dependencies": [
            "data.archive_file.order_intake",
            "module.api_gateway.aws_api_gateway_integration.lambda",
            "module.api_gateway.aws_api_gateway_method.post_order",
            "module.api_gateway.aws_api_gateway_resource.orders",
            "module.api_gateway.aws_api_gateway_rest_api.this",
            "module.dynamodb.aws_dynamodb_table.orders",
            "module.lambda.aws_iam_role.lambda_exec",
            "module.lambda.aws_lambda_function.this",
            "module.sqs.aws_sqs_queue.dlq",
            "module.sqs.aws_sqs_queue.orders"
          ],
          "create_before_destroy": true
        }
      ]
    },
    {
      "module": "module.api_gateway",
      "mode": "managed",
      "type": "aws_api_gateway_integration",
      "name": "lambda",
      "provider": "provider[\"registry.terraform.io/hashicorp/aws\"]",
      "instances": [
        {
          "schema_version": 0,
          "attributes": {
            "cache_key_parameters": null,
            "cache_namespace": "qnbcbg",
            "connection_id": "",
            "connection_type": "INTERNET",
            "content_handling": "",
            "credentials": "",
            "http_method": "POST",
            "id": "agi-1u9dq816q7-qnbcbg-POST",
            "integration_http_method": "POST",
            "passthrough_behavior": "WHEN_NO_MATCH",
            "request_parameters": null,
            "request_templates": null,
            "resource_id": "qnbcbg",
            "rest_api_id": "1u9dq816q7",
            "timeout_milliseconds": 29000,
            "tls_config": [],
            "type": "AWS_PROXY",
            "uri": "arn:aws:apigateway:us-east-1:lambda:path/2015-03-31/functions/arn:aws:lambda:us-east-1:688933602116:function:order-pipeline-order-intake-dev/invocations"
          },
          "sensitive_attributes": [],
          "identity_schema_version": 0,
          "private": "bnVsbA==",
          "dependencies": [
            "data.archive_file.order_intake",
            "module.api_gateway.aws_api_gateway_method.post_order",
            "module.api_gateway.aws_api_gateway_resource.orders",
            "module.api_gateway.aws_api_gateway_rest_api.this",
            "module.dynamodb.aws_dynamodb_table.orders",
            "module.lambda.aws_iam_role.lambda_exec",
            "module.lambda.aws_lambda_function.this",
            "module.sqs.aws_sqs_queue.dlq",
            "module.sqs.aws_sqs_queue.orders"
          ],
          "create_before_destroy": true
        }
      ]
    },
    {
      "module": "module.api_gateway",
      "mode": "managed",
      "type": "aws_api_gateway_method",
      "name": "post_order",
      "provider": "provider[\"registry.terraform.io/hashicorp/aws\"]",
      "instances": [
        {
          "schema_version": 0,
          "attributes": {
            "api_key_required": false,
            "authorization": "NONE",
            "authorization_scopes": null,
            "authorizer_id": null,
            "http_method": "POST",
            "id": "agm-1u9dq816q7-qnbcbg-POST",
            "operation_name": null,
            "request_models": null,
            "request_parameters": null,
            "request_validator_id": null,
            "resource_id": "qnbcbg",
            "rest_api_id": "1u9dq816q7"
          },
          "sensitive_attributes": [],
          "identity_schema_version": 0,
          "private": "bnVsbA==",
          "dependencies": [
            "module.api_gateway.aws_api_gateway_resource.orders",
            "module.api_gateway.aws_api_gateway_rest_api.this"
          ],
          "create_before_destroy": true
        }
      ]
    },
    {
      "module": "module.api_gateway",
      "mode": "managed",
      "type": "aws_api_gateway_resource",
      "name": "orders",
      "provider": "provider[\"registry.terraform.io/hashicorp/aws\"]",
      "instances": [
        {
          "schema_version": 0,
          "attributes": {
            "id": "qnbcbg",
            "parent_id": "szjj46pgzj",
            "path": "/orders",
            "path_part": "orders",
            "rest_api_id": "1u9dq816q7"
          },
          "sensitive_attributes": [],
          "identity_schema_version": 0,
          "private": "bnVsbA==",
          "dependencies": [
            "module.api_gateway.aws_api_gateway_rest_api.this"
          ],
          "create_before_destroy": true
        }
      ]
    },
    {
      "module": "module.api_gateway",
      "mode": "managed",
      "type": "aws_api_gateway_rest_api",
      "name": "this",
      "provider": "provider[\"registry.terraform.io/hashicorp/aws\"]",
      "instances": [
        {
          "schema_version": 0,
          "attributes": {
            "api_key_source": "HEADER",
            "arn": "arn:aws:apigateway:us-east-1::/restapis/1u9dq816q7",
            "binary_media_types": [],
            "body": null,
            "created_date": "2026-05-26T08:17:51Z",
            "description": "Order Processing API — Phase 1",
            "disable_execute_api_endpoint": false,
            "endpoint_configuration": [
              {
                "ip_address_type": "ipv4",
                "types": [
                  "REGIONAL"
                ],
                "vpc_endpoint_ids": []
              }
            ],
            "execution_arn": "arn:aws:execute-api:us-east-1:688933602116:1u9dq816q7",
            "fail_on_warnings": null,
            "id": "1u9dq816q7",
            "minimum_compression_size": "",
            "name": "order-pipeline-api-dev",
            "parameters": null,
            "policy": "",
            "put_rest_api_mode": null,
            "root_resource_id": "szjj46pgzj",
            "tags": null,
            "tags_all": {
              "Environment": "dev",
              "ManagedBy": "Terraform",
              "Project": "order-pipeline"
            }
          },
          "sensitive_attributes": [],
          "identity_schema_version": 0,
          "private": "bnVsbA==",
          "create_before_destroy": true
        }
      ]
    },
    {
      "module": "module.api_gateway",
      "mode": "managed",
      "type": "aws_api_gateway_stage",
      "name": "this",
      "provider": "provider[\"registry.terraform.io/hashicorp/aws\"]",
      "instances": [
        {
          "schema_version": 0,
          "attributes": {
            "access_log_settings": [],
            "arn": "arn:aws:apigateway:us-east-1::/restapis/1u9dq816q7/stages/dev",
            "cache_cluster_enabled": false,
            "cache_cluster_size": "",
            "canary_settings": [],
            "client_certificate_id": "",
            "deployment_id": "uptaau",
            "description": "",
            "documentation_version": "",
            "execution_arn": "arn:aws:execute-api:us-east-1:688933602116:1u9dq816q7/dev",
            "id": "ags-1u9dq816q7-dev",
            "invoke_url": "https://1u9dq816q7.execute-api.us-east-1.amazonaws.com/dev",
            "rest_api_id": "1u9dq816q7",
            "stage_name": "dev",
            "tags": null,
            "tags_all": {
              "Environment": "dev",
              "ManagedBy": "Terraform",
              "Project": "order-pipeline"
            },
            "variables": null,
            "web_acl_arn": "",
            "xray_tracing_enabled": false
          },
          "sensitive_attributes": [],
          "identity_schema_version": 0,
          "private": "bnVsbA==",
          "dependencies": [
            "data.archive_file.order_intake",
            "module.api_gateway.aws_api_gateway_deployment.this",
            "module.api_gateway.aws_api_gateway_integration.lambda",
            "module.api_gateway.aws_api_gateway_method.post_order",
            "module.api_gateway.aws_api_gateway_resource.orders",
            "module.api_gateway.aws_api_gateway_rest_api.this",
            "module.dynamodb.aws_dynamodb_table.orders",
            "module.lambda.aws_iam_role.lambda_exec",
            "module.lambda.aws_lambda_function.this",
            "module.sqs.aws_sqs_queue.dlq",
            "module.sqs.aws_sqs_queue.orders"
          ]
        }
      ]
    },
    {
      "module": "module.api_gateway",
      "mode": "managed",
      "type": "aws_lambda_permission",
      "name": "allow_apigw",
      "provider": "provider[\"registry.terraform.io/hashicorp/aws\"]",
      "instances": [
        {
          "schema_version": 0,
          "attributes": {
            "action": "lambda:InvokeFunction",
            "event_source_token": null,
            "function_name": "arn:aws:lambda:us-east-1:688933602116:function:order-pipeline-order-intake-dev",
            "function_url_auth_type": null,
            "id": "AllowAPIGatewayInvoke",
            "principal": "apigateway.amazonaws.com",
            "principal_org_id": null,
            "qualifier": "",
            "source_account": null,
            "source_arn": "arn:aws:execute-api:us-east-1:688933602116:1u9dq816q7/*/*",
            "statement_id": "AllowAPIGatewayInvoke",
            "statement_id_prefix": ""
          },
          "sensitive_attributes": [],
          "identity_schema_version": 0,
          "private": "bnVsbA==",
          "dependencies": [
            "data.archive_file.order_intake",
            "module.api_gateway.aws_api_gateway_rest_api.this",
            "module.dynamodb.aws_dynamodb_table.orders",
            "module.lambda.aws_iam_role.lambda_exec",
            "module.lambda.aws_lambda_function.this",
            "module.sqs.aws_sqs_queue.dlq",
            "module.sqs.aws_sqs_queue.orders"
          ]
        }
      ]
    },
    {
      "module": "module.asg",
      "mode": "data",
      "type": "aws_ssm_parameter",
      "name": "al2023_ami",
      "provider": "provider[\"registry.terraform.io/hashicorp/aws\"]",
      "instances": [
        {
          "schema_version": 0,
          "attributes": {
            "arn": "arn:aws:ssm:us-east-1::parameter/aws/service/ami-amazon-linux-latest/al2023-ami-kernel-default-x86_64",
            "id": "/aws/service/ami-amazon-linux-latest/al2023-ami-kernel-default-x86_64",
            "insecure_value": "ami-0236922087fa98b6e",
            "name": "/aws/service/ami-amazon-linux-latest/al2023-ami-kernel-default-x86_64",
            "type": "String",
            "value": "ami-0236922087fa98b6e",
            "version": 168,
            "with_decryption": true
          },
          "sensitive_attributes": [
            [
              {
                "type": "get_attr",
                "value": "value"
              }
            ]
          ],
          "identity_schema_version": 0
        }
      ]
    },
    {
      "module": "module.asg",
      "mode": "managed",
      "type": "aws_autoscaling_group",
      "name": "this",
      "provider": "provider[\"registry.terraform.io/hashicorp/aws\"]",
      "instances": [
        {
          "schema_version": 1,
          "attributes": {
            "arn": "arn:aws:autoscaling:us-east-1:688933602116:autoScalingGroup:e2b11e37-e42e-495c-badf-193516960288:autoScalingGroupName/order-pipeline-dev-asg",
            "availability_zone_distribution": [
              {
                "capacity_distribution_strategy": "balanced-best-effort"
              }
            ],
            "availability_zones": [
              "us-east-1a",
              "us-east-1b",
              "us-east-1c",
              "us-east-1d",
              "us-east-1f"
            ],
            "capacity_rebalance": false,
            "capacity_reservation_specification": [
              {
                "capacity_reservation_preference": "default",
                "capacity_reservation_target": []
              }
            ],
            "context": "",
            "default_cooldown": 300,
            "default_instance_warmup": 0,
            "desired_capacity": 2,
            "desired_capacity_type": "",
            "enabled_metrics": null,
            "force_delete": false,
            "force_delete_warm_pool": false,
            "health_check_grace_period": 60,
            "health_check_type": "ELB",
            "id": "order-pipeline-dev-asg",
            "ignore_failed_scaling_activities": false,
            "initial_lifecycle_hook": [],
            "instance_maintenance_policy": [],
            "instance_refresh": [
              {
                "preferences": [
                  {
                    "alarm_specification": [],
                    "auto_rollback": false,
                    "checkpoint_delay": "",
                    "checkpoint_percentages": null,
                    "instance_warmup": "",
                    "max_healthy_percentage": 100,
                    "min_healthy_percentage": 50,
                    "scale_in_protected_instances": "Ignore",
                    "skip_matching": false,
                    "standby_instances": "Ignore"
                  }
                ],
                "strategy": "Rolling",
                "triggers": null
              }
            ],
            "launch_configuration": "",
            "launch_template": [
              {
                "id": "lt-01346f85b5a9eeb27",
                "name": "order-pipeline-dev-lt-20260526081623906000000004",
                "version": "$Latest"
              }
            ],
            "load_balancers": [],
            "max_instance_lifetime": 0,
            "max_size": 4,
            "metrics_granularity": "1Minute",
            "min_elb_capacity": null,
            "min_size": 2,
            "mixed_instances_policy": [],
            "name": "order-pipeline-dev-asg",
            "name_prefix": "",
            "placement_group": "",
            "predicted_capacity": 0,
            "protect_from_scale_in": false,
            "service_linked_role_arn": "arn:aws:iam::688933602116:role/aws-service-role/autoscaling.amazonaws.com/AWSServiceRoleForAutoScaling",
            "suspended_processes": null,
            "tag": [
              {
                "key": "Name",
                "propagate_at_launch": true,
                "value": "order-pipeline-dev-asg"
              }
            ],
            "target_group_arns": [
              "arn:aws:elasticloadbalancing:us-east-1:688933602116:targetgroup/order-pipeline-dev-tg/3d6a2ff70f5a5e98"
            ],
            "termination_policies": null,
            "timeouts": null,
            "traffic_source": [
              {
                "identifier": "arn:aws:elasticloadbalancing:us-east-1:688933602116:targetgroup/order-pipeline-dev-tg/3d6a2ff70f5a5e98",
                "type": "elbv2"
              }
            ],
            "vpc_zone_identifier": [
              "subnet-01a46241b4f4ab610",
              "subnet-04117735f47ecbdc9",
              "subnet-04d8d5def61de2fe6",
              "subnet-083c3561a6ca8de8e",
              "subnet-0c8c8709abed908e6"
            ],
            "wait_for_capacity_timeout": "10m",
            "wait_for_elb_capacity": null,
            "warm_pool": [],
            "warm_pool_size": 0
          },
          "sensitive_attributes": [],
          "identity_schema_version": 0,
          "private": "eyJlMmJmYjczMC1lY2FhLTExZTYtOGY4OC0zNDM2M2JjN2M0YzAiOnsiZGVsZXRlIjo2MDAwMDAwMDAwMDAsInVwZGF0ZSI6NjAwMDAwMDAwMDAwfSwic2NoZW1hX3ZlcnNpb24iOiIxIn0=",
          "dependencies": [
            "module.alb.aws_lb_target_group.this",
            "module.alb.aws_security_group.alb",
            "module.alb.data.aws_subnets.default",
            "module.alb.data.aws_vpc.default",
            "module.asg.aws_iam_instance_profile.ec2",
            "module.asg.aws_iam_role.ec2_ssm",
            "module.asg.aws_launch_template.this",
            "module.asg.aws_security_group.ec2",
            "module.asg.data.aws_ssm_parameter.al2023_ami"
          ]
        }
      ]
    },
    {
      "module": "module.asg",
      "mode": "managed",
      "type": "aws_iam_instance_profile",
      "name": "ec2",
      "provider": "provider[\"registry.terraform.io/hashicorp/aws\"]",
      "instances": [
        {
          "schema_version": 0,
          "attributes": {
            "arn": "arn:aws:iam::688933602116:instance-profile/order-pipeline-dev-ec2-profile",
            "create_date": "2026-05-26T08:17:52Z",
            "id": "order-pipeline-dev-ec2-profile",
            "name": "order-pipeline-dev-ec2-profile",
            "name_prefix": "",
            "path": "/",
            "role": "order-pipeline-dev-ec2-role",
            "tags": null,
            "tags_all": {
              "Environment": "dev",
              "ManagedBy": "Terraform",
              "Project": "order-pipeline"
            },
            "unique_id": "AIPA2AZ5EQNCLQJMP4ZXD"
          },
          "sensitive_attributes": [],
          "identity_schema_version": 0,
          "private": "bnVsbA==",
          "dependencies": [
            "module.asg.aws_iam_role.ec2_ssm"
          ],
          "create_before_destroy": true
        }
      ]
    },
    {
      "module": "module.asg",
      "mode": "managed",
      "type": "aws_iam_role",
      "name": "ec2_ssm",
      "provider": "provider[\"registry.terraform.io/hashicorp/aws\"]",
      "instances": [
        {
          "schema_version": 0,
          "attributes": {
            "arn": "arn:aws:iam::688933602116:role/order-pipeline-dev-ec2-role",
            "assume_role_policy": "{\"Statement\":[{\"Action\":\"sts:AssumeRole\",\"Effect\":\"Allow\",\"Principal\":{\"Service\":\"ec2.amazonaws.com\"}}],\"Version\":\"2012-10-17\"}",
            "create_date": "2026-05-26T08:17:51Z",
            "description": "",
            "force_detach_policies": false,
            "id": "order-pipeline-dev-ec2-role",
            "inline_policy": [],
            "managed_policy_arns": [],
            "max_session_duration": 3600,
            "name": "order-pipeline-dev-ec2-role",
            "name_prefix": "",
            "path": "/",
            "permissions_boundary": "",
            "tags": null,
            "tags_all": {
              "Environment": "dev",
              "ManagedBy": "Terraform",
              "Project": "order-pipeline"
            },
            "unique_id": "AROA2AZ5EQNCIPI5SVIUP"
          },
          "sensitive_attributes": [],
          "identity_schema_version": 0,
          "private": "bnVsbA==",
          "create_before_destroy": true
        }
      ]
    },
    {
      "module": "module.asg",
      "mode": "managed",
      "type": "aws_iam_role_policy_attachment",
      "name": "ssm",
      "provider": "provider[\"registry.terraform.io/hashicorp/aws\"]",
      "instances": [
        {
          "schema_version": 0,
          "attributes": {
            "id": "order-pipeline-dev-ec2-role-20260526081616447900000003",
            "policy_arn": "arn:aws:iam::aws:policy/AmazonSSMManagedInstanceCore",
            "role": "order-pipeline-dev-ec2-role"
          },
          "sensitive_attributes": [],
          "identity_schema_version": 0,
          "private": "bnVsbA==",
          "dependencies": [
            "module.asg.aws_iam_role.ec2_ssm"
          ]
        }
      ]
    },
    {
      "module": "module.asg",
      "mode": "managed",
      "type": "aws_launch_template",
      "name": "this",
      "provider": "provider[\"registry.terraform.io/hashicorp/aws\"]",
      "instances": [
        {
          "schema_version": 0,
          "attributes": {
            "arn": "arn:aws:ec2:us-east-1:688933602116:launch-template/lt-01346f85b5a9eeb27",
            "block_device_mappings": [],
            "capacity_reservation_specification": [],
            "cpu_options": [],
            "credit_specification": [],
            "default_version": 1,
            "description": "",
            "disable_api_stop": false,
            "disable_api_termination": false,
            "ebs_optimized": "",
            "elastic_gpu_specifications": [],
            "elastic_inference_accelerator": [],
            "enclave_options": [],
            "hibernation_options": [],
            "iam_instance_profile": [
              {
                "arn": "",
                "name": "order-pipeline-dev-ec2-profile"
              }
            ],
            "id": "lt-01346f85b5a9eeb27",
            "image_id": "ami-0236922087fa98b6e",
            "instance_initiated_shutdown_behavior": "",
            "instance_market_options": [],
            "instance_requirements": [],
            "instance_type": "t3.micro",
            "kernel_id": "",
            "key_name": "",
            "latest_version": 1,
            "license_specification": [],
            "maintenance_options": [],
            "metadata_options": [],
            "monitoring": [],
            "name": "order-pipeline-dev-lt-20260526081623906000000004",
            "name_prefix": "order-pipeline-dev-lt-",
            "network_interfaces": [
              {
                "associate_carrier_ip_address": "",
                "associate_public_ip_address": "true",
                "connection_tracking_specification": [],
                "delete_on_termination": "",
                "description": "",
                "device_index": 0,
                "ena_srd_specification": [],
                "interface_type": "",
                "ipv4_address_count": 0,
                "ipv4_addresses": null,
                "ipv4_prefix_count": 0,
                "ipv4_prefixes": null,
                "ipv6_address_count": 0,
                "ipv6_addresses": null,
                "ipv6_prefix_count": 0,
                "ipv6_prefixes": null,
                "network_card_index": 0,
                "network_interface_id": "",
                "primary_ipv6": "",
                "private_ip_address": "",
                "security_groups": [
                  "sg-0b6bc1c9c05b666a1"
                ],
                "subnet_id": ""
              }
            ],
            "placement": [],
            "private_dns_name_options": [],
            "ram_disk_id": "",
            "security_group_names": null,
            "tag_specifications": [
              {
                "resource_type": "instance",
                "tags": {
                  "Environment": "dev",
                  "Name": "order-pipeline-dev-worker"
                }
              }
            ],
            "tags": null,
            "tags_all": {
              "Environment": "dev",
              "ManagedBy": "Terraform",
              "Project": "order-pipeline"
            },
            "update_default_version": null,
            "user_data": "IyEvYmluL2Jhc2gKc2V0IC1lCgojIEluc3RhbGwgUHl0aG9uIChhdmFpbGFibGUgYnkgZGVmYXVsdCBvbiBBTDIwMjMpCnl1bSBpbnN0YWxsIC15IHB5dGhvbjMKCiMgV3JpdGUgYSBtaW5pbWFsIEhUVFAgc2VydmVyIHRoYXQgcmVzcG9uZHMgdG8gL2hlYWx0aCBhbmQgLwpjYXQgPiAvaG9tZS9lYzItdXNlci9zZXJ2ZXIucHkgPDwgJ1BZRU9GJwppbXBvcnQgaHR0cC5zZXJ2ZXIKaW1wb3J0IGpzb24KCmNsYXNzIEhhbmRsZXIoaHR0cC5zZXJ2ZXIuQmFzZUhUVFBSZXF1ZXN0SGFuZGxlcik6CiAgICBkZWYgZG9fR0VUKHNlbGYpOgogICAgICAgIGlmIHNlbGYucGF0aCA9PSAiL2hlYWx0aCI6CiAgICAgICAgICAgIGJvZHkgPSBqc29uLmR1bXBzKHsic3RhdHVzIjogIm9rIn0pLmVuY29kZSgpCiAgICAgICAgICAgIHNlbGYuc2VuZF9yZXNwb25zZSgyMDApCiAgICAgICAgZWxzZToKICAgICAgICAgICAgYm9keSA9IGpzb24uZHVtcHMoeyJzZXJ2aWNlIjogIm9yZGVyLXdvcmtlciIsICJlbnYiOiAiZGV2In0pLmVuY29kZSgpCiAgICAgICAgICAgIHNlbGYuc2VuZF9yZXNwb25zZSgyMDApCiAgICAgICAgc2VsZi5zZW5kX2hlYWRlcigiQ29udGVudC1UeXBlIiwgImFwcGxpY2F0aW9uL2pzb24iKQogICAgICAgIHNlbGYuc2VuZF9oZWFkZXIoIkNvbnRlbnQtTGVuZ3RoIiwgbGVuKGJvZHkpKQogICAgICAgIHNlbGYuZW5kX2hlYWRlcnMoKQogICAgICAgIHNlbGYud2ZpbGUud3JpdGUoYm9keSkKCiAgICBkZWYgbG9nX21lc3NhZ2Uoc2VsZiwgZm10LCAqYXJncyk6CiAgICAgICAgcGFzcyAgIyBzdXBwcmVzcyBkZWZhdWx0IHJlcXVlc3QgbG9nZ2luZwoKaHR0cC5zZXJ2ZXIuSFRUUFNlcnZlcigoIiIsIDgwODApLCBIYW5kbGVyKS5zZXJ2ZV9mb3JldmVyKCkKUFlFT0YKCiMgU3RhcnQgdGhlIHNlcnZlciBhcyBhIGJhY2tncm91bmQgcHJvY2Vzcwpub2h1cCBweXRob24zIC9ob21lL2VjMi11c2VyL3NlcnZlci5weSAmPiAvdmFyL2xvZy9vcmRlci13b3JrZXIubG9nICYK",
            "vpc_security_group_ids": null
          },
          "sensitive_attributes": [
            [
              {
                "type": "get_attr",
                "value": "image_id"
              }
            ]
          ],
          "identity_schema_version": 0,
          "private": "bnVsbA==",
          "dependencies": [
            "module.alb.aws_security_group.alb",
            "module.alb.data.aws_vpc.default",
            "module.asg.aws_iam_instance_profile.ec2",
            "module.asg.aws_iam_role.ec2_ssm",
            "module.asg.aws_security_group.ec2",
            "module.asg.data.aws_ssm_parameter.al2023_ami"
          ],
          "create_before_destroy": true
        }
      ]
    },
    {
      "module": "module.asg",
      "mode": "managed",
      "type": "aws_security_group",
      "name": "ec2",
      "provider": "provider[\"registry.terraform.io/hashicorp/aws\"]",
      "instances": [
        {
          "schema_version": 1,
          "attributes": {
            "arn": "arn:aws:ec2:us-east-1:688933602116:security-group/sg-0b6bc1c9c05b666a1",
            "description": "Allow inbound from ALB only; allow all outbound",
            "egress": [
              {
                "cidr_blocks": [
                  "0.0.0.0/0"
                ],
                "description": "All outbound (needed for SSM, yum updates, etc.)",
                "from_port": 0,
                "ipv6_cidr_blocks": [],
                "prefix_list_ids": [],
                "protocol": "-1",
                "security_groups": [],
                "self": false,
                "to_port": 0
              }
            ],
            "id": "sg-0b6bc1c9c05b666a1",
            "ingress": [
              {
                "cidr_blocks": [],
                "description": "HTTP from ALB only",
                "from_port": 8080,
                "ipv6_cidr_blocks": [],
                "prefix_list_ids": [],
                "protocol": "tcp",
                "security_groups": [
                  "sg-0ef5ef5a55c873292"
                ],
                "self": false,
                "to_port": 8080
              }
            ],
            "name": "order-pipeline-dev-ec2-sg",
            "name_prefix": "",
            "owner_id": "688933602116",
            "revoke_rules_on_delete": false,
            "tags": {
              "Name": "order-pipeline-dev-ec2-sg"
            },
            "tags_all": {
              "Environment": "dev",
              "ManagedBy": "Terraform",
              "Name": "order-pipeline-dev-ec2-sg",
              "Project": "order-pipeline"
            },
            "timeouts": null,
            "vpc_id": "vpc-01a3397236fb64163"
          },
          "sensitive_attributes": [],
          "identity_schema_version": 0,
          "private": "eyJlMmJmYjczMC1lY2FhLTExZTYtOGY4OC0zNDM2M2JjN2M0YzAiOnsiY3JlYXRlIjo2MDAwMDAwMDAwMDAsImRlbGV0ZSI6OTAwMDAwMDAwMDAwfSwic2NoZW1hX3ZlcnNpb24iOiIxIn0=",
          "dependencies": [
            "module.alb.aws_security_group.alb",
            "module.alb.data.aws_vpc.default"
          ],
          "create_before_destroy": true
        }
      ]
    },
    {
      "module": "module.dynamodb",
      "mode": "managed",
      "type": "aws_dynamodb_table",
      "name": "inventory",
      "provider": "provider[\"registry.terraform.io/hashicorp/aws\"]",
      "instances": [
        {
          "schema_version": 1,
          "attributes": {
            "arn": "arn:aws:dynamodb:us-east-1:688933602116:table/order-pipeline-orders-dev-inventory",
            "attribute": [
              {
                "name": "item_name",
                "type": "S"
              }
            ],
            "billing_mode": "PAY_PER_REQUEST",
            "deletion_protection_enabled": false,
            "global_secondary_index": [],
            "hash_key": "item_name",
            "id": "order-pipeline-orders-dev-inventory",
            "import_table": [],
            "local_secondary_index": [],
            "name": "order-pipeline-orders-dev-inventory",
            "on_demand_throughput": [],
            "point_in_time_recovery": [
              {
                "enabled": false,
                "recovery_period_in_days": 0
              }
            ],
            "range_key": null,
            "read_capacity": 0,
            "replica": [],
            "restore_date_time": null,
            "restore_source_name": null,
            "restore_source_table_arn": null,
            "restore_to_latest_time": null,
            "server_side_encryption": [],
            "stream_arn": "",
            "stream_enabled": false,
            "stream_label": "",
            "stream_view_type": "",
            "table_class": "STANDARD",
            "tags": {
              "Name": "order-pipeline-orders-dev-inventory"
            },
            "tags_all": {
              "Environment": "dev",
              "ManagedBy": "Terraform",
              "Name": "order-pipeline-orders-dev-inventory",
              "Project": "order-pipeline"
            },
            "timeouts": null,
            "ttl": [
              {
                "attribute_name": "",
                "enabled": false
              }
            ],
            "write_capacity": 0
          },
          "sensitive_attributes": [],
          "identity_schema_version": 0,
          "private": "eyJlMmJmYjczMC1lY2FhLTExZTYtOGY4OC0zNDM2M2JjN2M0YzAiOnsiY3JlYXRlIjoxODAwMDAwMDAwMDAwLCJkZWxldGUiOjYwMDAwMDAwMDAwMCwidXBkYXRlIjozNjAwMDAwMDAwMDAwfSwic2NoZW1hX3ZlcnNpb24iOiIxIn0="
        }
      ]
    },
    {
      "module": "module.dynamodb",
      "mode": "managed",
      "type": "aws_dynamodb_table",
      "name": "orders",
      "provider": "provider[\"registry.terraform.io/hashicorp/aws\"]",
      "instances": [
        {
          "schema_version": 1,
          "attributes": {
            "arn": "arn:aws:dynamodb:us-east-1:688933602116:table/order-pipeline-orders-dev",
            "attribute": [
              {
                "name": "order_id",
                "type": "S"
              }
            ],
            "billing_mode": "PAY_PER_REQUEST",
            "deletion_protection_enabled": false,
            "global_secondary_index": [],
            "hash_key": "order_id",
            "id": "order-pipeline-orders-dev",
            "import_table": [],
            "local_secondary_index": [],
            "name": "order-pipeline-orders-dev",
            "on_demand_throughput": [],
            "point_in_time_recovery": [
              {
                "enabled": false,
                "recovery_period_in_days": 0
              }
            ],
            "range_key": null,
            "read_capacity": 0,
            "replica": [],
            "restore_date_time": null,
            "restore_source_name": null,
            "restore_source_table_arn": null,
            "restore_to_latest_time": null,
            "server_side_encryption": [],
            "stream_arn": "",
            "stream_enabled": false,
            "stream_label": "",
            "stream_view_type": "",
            "table_class": "STANDARD",
            "tags": {
              "Name": "order-pipeline-orders-dev"
            },
            "tags_all": {
              "Environment": "dev",
              "ManagedBy": "Terraform",
              "Name": "order-pipeline-orders-dev",
              "Project": "order-pipeline"
            },
            "timeouts": null,
            "ttl": [
              {
                "attribute_name": "",
                "enabled": false
              }
            ],
            "write_capacity": 0
          },
          "sensitive_attributes": [],
          "identity_schema_version": 0,
          "private": "eyJlMmJmYjczMC1lY2FhLTExZTYtOGY4OC0zNDM2M2JjN2M0YzAiOnsiY3JlYXRlIjoxODAwMDAwMDAwMDAwLCJkZWxldGUiOjYwMDAwMDAwMDAwMCwidXBkYXRlIjozNjAwMDAwMDAwMDAwfSwic2NoZW1hX3ZlcnNpb24iOiIxIn0=",
          "create_before_destroy": true
        }
      ]
    },
    {
      "module": "module.dynamodb",
      "mode": "managed",
      "type": "aws_dynamodb_table_item",
      "name": "inventory_seed",
      "provider": "provider[\"registry.terraform.io/hashicorp/aws\"]",
      "instances": [
        {
          "index_key": "Doohickey",
          "schema_version": 0,
          "attributes": {
            "hash_key": "item_name",
            "id": "order-pipeline-orders-dev-inventory|item_name|Doohickey",
            "item": "{\"description\":{\"S\":\"Multipurpose doohickey\"},\"item_name\":{\"S\":\"Doohickey\"},\"price\":{\"N\":\"4.99\"},\"stock\":{\"N\":\"200\"}}",
            "range_key": null,
            "table_name": "order-pipeline-orders-dev-inventory"
          },
          "sensitive_attributes": [],
          "identity_schema_version": 0,
          "private": "bnVsbA==",
          "dependencies": [
            "module.dynamodb.aws_dynamodb_table.inventory"
          ]
        },
        {
          "index_key": "Gadget X",
          "schema_version": 0,
          "attributes": {
            "hash_key": "item_name",
            "id": "order-pipeline-orders-dev-inventory|item_name|Gadget X",
            "item": "{\"description\":{\"S\":\"Electronic gadget, gen1\"},\"item_name\":{\"S\":\"Gadget X\"},\"price\":{\"N\":\"49.99\"},\"stock\":{\"N\":\"30\"}}",
            "range_key": null,
            "table_name": "order-pipeline-orders-dev-inventory"
          },
          "sensitive_attributes": [],
          "identity_schema_version": 0,
          "private": "bnVsbA==",
          "dependencies": [
            "module.dynamodb.aws_dynamodb_table.inventory"
          ]
        },
        {
          "index_key": "Gadget Y",
          "schema_version": 0,
          "attributes": {
            "hash_key": "item_name",
            "id": "order-pipeline-orders-dev-inventory|item_name|Gadget Y",
            "item": "{\"description\":{\"S\":\"Electronic gadget, gen2\"},\"item_name\":{\"S\":\"Gadget Y\"},\"price\":{\"N\":\"99.99\"},\"stock\":{\"N\":\"20\"}}",
            "range_key": null,
            "table_name": "order-pipeline-orders-dev-inventory"
          },
          "sensitive_attributes": [],
          "identity_schema_version": 0,
          "private": "bnVsbA==",
          "dependencies": [
            "module.dynamodb.aws_dynamodb_table.inventory"
          ]
        },
        {
          "index_key": "Widget A",
          "schema_version": 0,
          "attributes": {
            "hash_key": "item_name",
            "id": "order-pipeline-orders-dev-inventory|item_name|Widget A",
            "item": "{\"description\":{\"S\":\"Standard widget, blue\"},\"item_name\":{\"S\":\"Widget A\"},\"price\":{\"N\":\"9.99\"},\"stock\":{\"N\":\"100\"}}",
            "range_key": null,
            "table_name": "order-pipeline-orders-dev-inventory"
          },
          "sensitive_attributes": [],
          "identity_schema_version": 0,
          "private": "bnVsbA==",
          "dependencies": [
            "module.dynamodb.aws_dynamodb_table.inventory"
          ]
        },
        {
          "index_key": "Widget B",
          "schema_version": 0,
          "attributes": {
            "hash_key": "item_name",
            "id": "order-pipeline-orders-dev-inventory|item_name|Widget B",
            "item": "{\"description\":{\"S\":\"Premium widget, black\"},\"item_name\":{\"S\":\"Widget B\"},\"price\":{\"N\":\"24.99\"},\"stock\":{\"N\":\"50\"}}",
            "range_key": null,
            "table_name": "order-pipeline-orders-dev-inventory"
          },
          "sensitive_attributes": [],
          "identity_schema_version": 0,
          "private": "bnVsbA==",
          "dependencies": [
            "module.dynamodb.aws_dynamodb_table.inventory"
          ]
        }
      ]
    },
    {
      "module": "module.lambda",
      "mode": "managed",
      "type": "aws_cloudwatch_log_group",
      "name": "lambda_logs",
      "provider": "provider[\"registry.terraform.io/hashicorp/aws\"]",
      "instances": [
        {
          "schema_version": 0,
          "attributes": {
            "arn": "arn:aws:logs:us-east-1:688933602116:log-group:/aws/lambda/order-pipeline-order-intake-dev",
            "id": "/aws/lambda/order-pipeline-order-intake-dev",
            "kms_key_id": "",
            "log_group_class": "STANDARD",
            "name": "/aws/lambda/order-pipeline-order-intake-dev",
            "name_prefix": "",
            "retention_in_days": 7,
            "skip_destroy": false,
            "tags": null,
            "tags_all": {
              "Environment": "dev",
              "ManagedBy": "Terraform",
              "Project": "order-pipeline"
            }
          },
          "sensitive_attributes": [],
          "identity_schema_version": 0,
          "private": "bnVsbA=="
        }
      ]
    },
    {
      "module": "module.lambda",
      "mode": "managed",
      "type": "aws_iam_role",
      "name": "lambda_exec",
      "provider": "provider[\"registry.terraform.io/hashicorp/aws\"]",
      "instances": [
        {
          "schema_version": 0,
          "attributes": {
            "arn": "arn:aws:iam::688933602116:role/order-pipeline-order-intake-dev-role",
            "assume_role_policy": "{\"Statement\":[{\"Action\":\"sts:AssumeRole\",\"Effect\":\"Allow\",\"Principal\":{\"Service\":\"lambda.amazonaws.com\"}}],\"Version\":\"2012-10-17\"}",
            "create_date": "2026-05-26T08:17:51Z",
            "description": "",
            "force_detach_policies": false,
            "id": "order-pipeline-order-intake-dev-role",
            "inline_policy": [],
            "managed_policy_arns": [],
            "max_session_duration": 3600,
            "name": "order-pipeline-order-intake-dev-role",
            "name_prefix": "",
            "path": "/",
            "permissions_boundary": "",
            "tags": null,
            "tags_all": {
              "Environment": "dev",
              "ManagedBy": "Terraform",
              "Project": "order-pipeline"
            },
            "unique_id": "AROA2AZ5EQNCB54UXT2P2"
          },
          "sensitive_attributes": [],
          "identity_schema_version": 0,
          "private": "bnVsbA==",
          "create_before_destroy": true
        }
      ]
    },
    {
      "module": "module.lambda",
      "mode": "managed",
      "type": "aws_iam_role_policy",
      "name": "dynamodb_access",
      "provider": "provider[\"registry.terraform.io/hashicorp/aws\"]",
      "instances": [
        {
          "schema_version": 0,
          "attributes": {
            "id": "order-pipeline-order-intake-dev-role:order-pipeline-order-intake-dev-dynamodb",
            "name": "order-pipeline-order-intake-dev-dynamodb",
            "name_prefix": "",
            "policy": "{\"Version\":\"2012-10-17\",\"Statement\":[{\"Action\":[\"dynamodb:PutItem\",\"dynamodb:GetItem\",\"dynamodb:UpdateItem\",\"dynamodb:Query\",\"dynamodb:Scan\"],\"Effect\":\"Allow\",\"Resource\":\"arn:aws:dynamodb:us-east-1:688933602116:table/order-pipeline-orders-dev\"}]}",
            "role": "order-pipeline-order-intake-dev-role"
          },
          "sensitive_attributes": [],
          "identity_schema_version": 0,
          "private": "bnVsbA==",
          "dependencies": [
            "module.dynamodb.aws_dynamodb_table.orders",
            "module.lambda.aws_iam_role.lambda_exec"
          ]
        }
      ]
    },
    {
      "module": "module.lambda",
      "mode": "managed",
      "type": "aws_iam_role_policy",
      "name": "sqs_publish",
      "provider": "provider[\"registry.terraform.io/hashicorp/aws\"]",
      "instances": [
        {
          "index_key": 0,
          "schema_version": 0,
          "attributes": {
            "id": "order-pipeline-order-intake-dev-role:order-pipeline-order-intake-dev-sqs",
            "name": "order-pipeline-order-intake-dev-sqs",
            "name_prefix": "",
            "policy": "{\"Version\":\"2012-10-17\",\"Statement\":[{\"Action\":[\"sqs:SendMessage\"],\"Effect\":\"Allow\",\"Resource\":\"arn:aws:sqs:us-east-1:688933602116:order-pipeline-orders-dev\"}]}",
            "role": "order-pipeline-order-intake-dev-role"
          },
          "sensitive_attributes": [],
          "identity_schema_version": 0,
          "private": "bnVsbA==",
          "dependencies": [
            "module.lambda.aws_iam_role.lambda_exec",
            "module.sqs.aws_sqs_queue.dlq",
            "module.sqs.aws_sqs_queue.orders"
          ]
        }
      ]
    },
    {
      "module": "module.lambda",
      "mode": "managed",
      "type": "aws_iam_role_policy_attachment",
      "name": "basic_execution",
      "provider": "provider[\"registry.terraform.io/hashicorp/aws\"]",
      "instances": [
        {
          "schema_version": 0,
          "attributes": {
            "id": "order-pipeline-order-intake-dev-role-20260526081616229700000002",
            "policy_arn": "arn:aws:iam::aws:policy/service-role/AWSLambdaBasicExecutionRole",
            "role": "order-pipeline-order-intake-dev-role"
          },
          "sensitive_attributes": [],
          "identity_schema_version": 0,
          "private": "bnVsbA==",
          "dependencies": [
            "module.lambda.aws_iam_role.lambda_exec"
          ]
        }
      ]
    },
    {
      "module": "module.lambda",
      "mode": "managed",
      "type": "aws_lambda_function",
      "name": "this",
      "provider": "provider[\"registry.terraform.io/hashicorp/aws\"]",
      "instances": [
        {
          "schema_version": 0,
          "attributes": {
            "architectures": [
              "x86_64"
            ],
            "arn": "arn:aws:lambda:us-east-1:688933602116:function:order-pipeline-order-intake-dev",
            "code_sha256": "dPVAWdcT5iDpzjBHtlPlpM2KrcZVaDKJT7IiDQpDceI=",
            "code_signing_config_arn": "",
            "dead_letter_config": [],
            "description": "",
            "environment": [
              {
                "variables": {
                  "DYNAMODB_TABLE": "order-pipeline-orders-dev",
                  "ENVIRONMENT": "dev",
                  "SQS_QUEUE_URL": "https://sqs.us-east-1.amazonaws.com/688933602116/order-pipeline-orders-dev"
                }
              }
            ],
            "ephemeral_storage": [
              {
                "size": 512
              }
            ],
            "file_system_config": [],
            "filename": "./builds/order_intake.zip",
            "function_name": "order-pipeline-order-intake-dev",
            "handler": "handler.lambda_handler",
            "id": "order-pipeline-order-intake-dev",
            "image_config": [],
            "image_uri": "",
            "invoke_arn": "arn:aws:apigateway:us-east-1:lambda:path/2015-03-31/functions/arn:aws:lambda:us-east-1:688933602116:function:order-pipeline-order-intake-dev/invocations",
            "kms_key_arn": "",
            "last_modified": "2026-05-26T08:18:45.500+0000",
            "layers": null,
            "logging_config": [
              {
                "application_log_level": "",
                "log_format": "Text",
                "log_group": "/aws/lambda/order-pipeline-order-intake-dev",
                "system_log_level": ""
              }
            ],
            "memory_size": 128,
            "package_type": "Zip",
            "publish": false,
            "qualified_arn": "arn:aws:lambda:us-east-1:688933602116:function:order-pipeline-order-intake-dev:$LATEST",
            "qualified_invoke_arn": "arn:aws:apigateway:us-east-1:lambda:path/2015-03-31/functions/arn:aws:lambda:us-east-1:688933602116:function:order-pipeline-order-intake-dev:$LATEST/invocations",
            "replace_security_groups_on_destroy": null,
            "replacement_security_group_ids": null,
            "reserved_concurrent_executions": -1,
            "role": "arn:aws:iam::688933602116:role/order-pipeline-order-intake-dev-role",
            "runtime": "python3.12",
            "s3_bucket": null,
            "s3_key": null,
            "s3_object_version": null,
            "signing_job_arn": "",
            "signing_profile_version_arn": "",
            "skip_destroy": false,
            "snap_start": [],
            "source_code_hash": "dPVAWdcT5iDpzjBHtlPlpM2KrcZVaDKJT7IiDQpDceI=",
            "source_code_size": 1042,
            "tags": null,
            "tags_all": {
              "Environment": "dev",
              "ManagedBy": "Terraform",
              "Project": "order-pipeline"
            },
            "timeout": 30,
            "timeouts": null,
            "tracing_config": [
              {
                "mode": "PassThrough"
              }
            ],
            "version": "$LATEST",
            "vpc_config": []
          },
          "sensitive_attributes": [],
          "identity_schema_version": 0,
          "private": "eyJlMmJmYjczMC1lY2FhLTExZTYtOGY4OC0zNDM2M2JjN2M0YzAiOnsiY3JlYXRlIjo2MDAwMDAwMDAwMDAsImRlbGV0ZSI6NjAwMDAwMDAwMDAwLCJ1cGRhdGUiOjYwMDAwMDAwMDAwMH19",
          "dependencies": [
            "data.archive_file.order_intake",
            "module.dynamodb.aws_dynamodb_table.orders",
            "module.lambda.aws_iam_role.lambda_exec",
            "module.sqs.aws_sqs_queue.dlq",
            "module.sqs.aws_sqs_queue.orders"
          ],
          "create_before_destroy": true
        }
      ]
    },
    {
      "module": "module.lambda_processor",
      "mode": "managed",
      "type": "aws_cloudwatch_log_group",
      "name": "logs",
      "provider": "provider[\"registry.terraform.io/hashicorp/aws\"]",
      "instances": [
        {
          "schema_version": 0,
          "attributes": {
            "arn": "arn:aws:logs:us-east-1:688933602116:log-group:/aws/lambda/order-pipeline-order-processor-dev",
            "id": "/aws/lambda/order-pipeline-order-processor-dev",
            "kms_key_id": "",
            "log_group_class": "STANDARD",
            "name": "/aws/lambda/order-pipeline-order-processor-dev",
            "name_prefix": "",
            "retention_in_days": 7,
            "skip_destroy": false,
            "tags": null,
            "tags_all": {
              "Environment": "dev",
              "ManagedBy": "Terraform",
              "Project": "order-pipeline"
            }
          },
          "sensitive_attributes": [],
          "identity_schema_version": 0,
          "private": "bnVsbA=="
        }
      ]
    },
    {
      "module": "module.lambda_processor",
      "mode": "managed",
      "type": "aws_iam_role",
      "name": "processor_exec",
      "provider": "provider[\"registry.terraform.io/hashicorp/aws\"]",
      "instances": [
        {
          "schema_version": 0,
          "attributes": {
            "arn": "arn:aws:iam::688933602116:role/order-pipeline-order-processor-dev-role",
            "assume_role_policy": "{\"Statement\":[{\"Action\":\"sts:AssumeRole\",\"Effect\":\"Allow\",\"Principal\":{\"Service\":\"lambda.amazonaws.com\"}}],\"Version\":\"2012-10-17\"}",
            "create_date": "2026-05-26T08:17:51Z",
            "description": "",
            "force_detach_policies": false,
            "id": "order-pipeline-order-processor-dev-role",
            "inline_policy": [],
            "managed_policy_arns": [],
            "max_session_duration": 3600,
            "name": "order-pipeline-order-processor-dev-role",
            "name_prefix": "",
            "path": "/",
            "permissions_boundary": "",
            "tags": null,
            "tags_all": {
              "Environment": "dev",
              "ManagedBy": "Terraform",
              "Project": "order-pipeline"
            },
            "unique_id": "AROA2AZ5EQNCJC5XXGQOT"
          },
          "sensitive_attributes": [],
          "identity_schema_version": 0,
          "private": "bnVsbA=="
        }
      ]
    },
    {
      "module": "module.lambda_processor",
      "mode": "managed",
      "type": "aws_iam_role_policy",
      "name": "dynamodb_access",
      "provider": "provider[\"registry.terraform.io/hashicorp/aws\"]",
      "instances": [
        {
          "schema_version": 0,
          "attributes": {
            "id": "order-pipeline-order-processor-dev-role:order-pipeline-order-processor-dev-dynamodb",
            "name": "order-pipeline-order-processor-dev-dynamodb",
            "name_prefix": "",
            "policy": "{\"Version\":\"2012-10-17\",\"Statement\":[{\"Action\":[\"dynamodb:UpdateItem\",\"dynamodb:GetItem\"],\"Effect\":\"Allow\",\"Resource\":\"arn:aws:dynamodb:us-east-1:688933602116:table/order-pipeline-orders-dev\"},{\"Action\":[\"dynamodb:GetItem\",\"dynamodb:UpdateItem\"],\"Effect\":\"Allow\",\"Resource\":\"arn:aws:dynamodb:us-east-1:688933602116:table/order-pipeline-orders-dev-inventory\"}]}",
            "role": "order-pipeline-order-processor-dev-role"
          },
          "sensitive_attributes": [],
          "identity_schema_version": 0,
          "private": "bnVsbA==",
          "dependencies": [
            "module.dynamodb.aws_dynamodb_table.inventory",
            "module.dynamodb.aws_dynamodb_table.orders",
            "module.lambda_processor.aws_iam_role.processor_exec"
          ]
        }
      ]
    },
    {
      "module": "module.lambda_processor",
      "mode": "managed",
      "type": "aws_iam_role_policy",
      "name": "sqs_consume",
      "provider": "provider[\"registry.terraform.io/hashicorp/aws\"]",
      "instances": [
        {
          "schema_version": 0,
          "attributes": {
            "id": "order-pipeline-order-processor-dev-role:order-pipeline-order-processor-dev-sqs",
            "name": "order-pipeline-order-processor-dev-sqs",
            "name_prefix": "",
            "policy": "{\"Version\":\"2012-10-17\",\"Statement\":[{\"Action\":[\"sqs:ReceiveMessage\",\"sqs:DeleteMessage\",\"sqs:GetQueueAttributes\"],\"Effect\":\"Allow\",\"Resource\":[\"arn:aws:sqs:us-east-1:688933602116:order-pipeline-orders-dev\",\"arn:aws:sqs:us-east-1:688933602116:order-pipeline-orders-dev-dlq\"]}]}",
            "role": "order-pipeline-order-processor-dev-role"
          },
          "sensitive_attributes": [],
          "identity_schema_version": 0,
          "private": "bnVsbA==",
          "dependencies": [
            "module.lambda_processor.aws_iam_role.processor_exec",
            "module.sqs.aws_sqs_queue.dlq",
            "module.sqs.aws_sqs_queue.orders"
          ]
        }
      ]
    },
    {
      "module": "module.lambda_processor",
      "mode": "managed",
      "type": "aws_iam_role_policy_attachment",
      "name": "basic_execution",
      "provider": "provider[\"registry.terraform.io/hashicorp/aws\"]",
      "instances": [
        {
          "schema_version": 0,
          "attributes": {
            "id": "order-pipeline-order-processor-dev-role-20260526081616219300000001",
            "policy_arn": "arn:aws:iam::aws:policy/service-role/AWSLambdaBasicExecutionRole",
            "role": "order-pipeline-order-processor-dev-role"
          },
          "sensitive_attributes": [],
          "identity_schema_version": 0,
          "private": "bnVsbA==",
          "dependencies": [
            "module.lambda_processor.aws_iam_role.processor_exec"
          ]
        }
      ]
    },
    {
      "module": "module.lambda_processor",
      "mode": "managed",
      "type": "aws_lambda_event_source_mapping",
      "name": "sqs_trigger",
      "provider": "provider[\"registry.terraform.io/hashicorp/aws\"]",
      "instances": [
        {
          "schema_version": 0,
          "attributes": {
            "amazon_managed_kafka_event_source_config": [],
            "arn": "arn:aws:lambda:us-east-1:688933602116:event-source-mapping:46c0ba1f-a14e-4cdd-a7b9-db59794337c9",
            "batch_size": 10,
            "bisect_batch_on_function_error": false,
            "destination_config": [],
            "document_db_event_source_config": [],
            "enabled": true,
            "event_source_arn": "arn:aws:sqs:us-east-1:688933602116:order-pipeline-orders-dev",
            "filter_criteria": [],
            "function_arn": "arn:aws:lambda:us-east-1:688933602116:function:order-pipeline-order-processor-dev",
            "function_name": "arn:aws:lambda:us-east-1:688933602116:function:order-pipeline-order-processor-dev",
            "function_response_types": null,
            "id": "46c0ba1f-a14e-4cdd-a7b9-db59794337c9",
            "kms_key_arn": "",
            "last_modified": "2026-05-26T08:18:54Z",
            "last_processing_result": "",
            "maximum_batching_window_in_seconds": 20,
            "maximum_record_age_in_seconds": 0,
            "maximum_retry_attempts": 0,
            "metrics_config": [],
            "parallelization_factor": 0,
            "provisioned_poller_config": [],
            "queues": null,
            "scaling_config": [],
            "self_managed_event_source": [],
            "self_managed_kafka_event_source_config": [],
            "source_access_configuration": [],
            "starting_position": "",
            "starting_position_timestamp": "",
            "state": "Enabled",
            "state_transition_reason": "USER_INITIATED",
            "tags": null,
            "tags_all": {
              "Environment": "dev",
              "ManagedBy": "Terraform",
              "Project": "order-pipeline"
            },
            "topics": null,
            "tumbling_window_in_seconds": 0,
            "uuid": "46c0ba1f-a14e-4cdd-a7b9-db59794337c9"
          },
          "sensitive_attributes": [],
          "identity_schema_version": 0,
          "private": "bnVsbA==",
          "dependencies": [
            "data.archive_file.order_processor",
            "module.dynamodb.aws_dynamodb_table.inventory",
            "module.dynamodb.aws_dynamodb_table.orders",
            "module.lambda_processor.aws_iam_role.processor_exec",
            "module.lambda_processor.aws_lambda_function.this",
            "module.sqs.aws_sqs_queue.dlq",
            "module.sqs.aws_sqs_queue.orders"
          ]
        }
      ]
    },
    {
      "module": "module.lambda_processor",
      "mode": "managed",
      "type": "aws_lambda_function",
      "name": "this",
      "provider": "provider[\"registry.terraform.io/hashicorp/aws\"]",
      "instances": [
        {
          "schema_version": 0,
          "attributes": {
            "architectures": [
              "x86_64"
            ],
            "arn": "arn:aws:lambda:us-east-1:688933602116:function:order-pipeline-order-processor-dev",
            "code_sha256": "KBVoqvog8ppJUcY7oN/FKJMfciaAlSQ5JTgNUx5SqgE=",
            "code_signing_config_arn": "",
            "dead_letter_config": [],
            "description": "",
            "environment": [
              {
                "variables": {
                  "DYNAMODB_TABLE": "order-pipeline-orders-dev",
                  "ENVIRONMENT": "dev",
                  "INVENTORY_TABLE": "order-pipeline-orders-dev-inventory"
                }
              }
            ],
            "ephemeral_storage": [
              {
                "size": 512
              }
            ],
            "file_system_config": [],
            "filename": "./builds/order_processor.zip",
            "function_name": "order-pipeline-order-processor-dev",
            "handler": "handler.lambda_handler",
            "id": "order-pipeline-order-processor-dev",
            "image_config": [],
            "image_uri": "",
            "invoke_arn": "arn:aws:apigateway:us-east-1:lambda:path/2015-03-31/functions/arn:aws:lambda:us-east-1:688933602116:function:order-pipeline-order-processor-dev/invocations",
            "kms_key_arn": "",
            "last_modified": "2026-05-26T08:18:07.615+0000",
            "layers": null,
            "logging_config": [
              {
                "application_log_level": "",
                "log_format": "Text",
                "log_group": "/aws/lambda/order-pipeline-order-processor-dev",
                "system_log_level": ""
              }
            ],
            "memory_size": 128,
            "package_type": "Zip",
            "publish": false,
            "qualified_arn": "arn:aws:lambda:us-east-1:688933602116:function:order-pipeline-order-processor-dev:$LATEST",
            "qualified_invoke_arn": "arn:aws:apigateway:us-east-1:lambda:path/2015-03-31/functions/arn:aws:lambda:us-east-1:688933602116:function:order-pipeline-order-processor-dev:$LATEST/invocations",
            "replace_security_groups_on_destroy": null,
            "replacement_security_group_ids": null,
            "reserved_concurrent_executions": -1,
            "role": "arn:aws:iam::688933602116:role/order-pipeline-order-processor-dev-role",
            "runtime": "python3.12",
            "s3_bucket": null,
            "s3_key": null,
            "s3_object_version": null,
            "signing_job_arn": "",
            "signing_profile_version_arn": "",
            "skip_destroy": false,
            "snap_start": [],
            "source_code_hash": "KBVoqvog8ppJUcY7oN/FKJMfciaAlSQ5JTgNUx5SqgE=",
            "source_code_size": 3666,
            "tags": null,
            "tags_all": {
              "Environment": "dev",
              "ManagedBy": "Terraform",
              "Project": "order-pipeline"
            },
            "timeout": 30,
            "timeouts": null,
            "tracing_config": [
              {
                "mode": "PassThrough"
              }
            ],
            "version": "$LATEST",
            "vpc_config": []
          },
          "sensitive_attributes": [],
          "identity_schema_version": 0,
          "private": "eyJlMmJmYjczMC1lY2FhLTExZTYtOGY4OC0zNDM2M2JjN2M0YzAiOnsiY3JlYXRlIjo2MDAwMDAwMDAwMDAsImRlbGV0ZSI6NjAwMDAwMDAwMDAwLCJ1cGRhdGUiOjYwMDAwMDAwMDAwMH19",
          "dependencies": [
            "data.archive_file.order_processor",
            "module.dynamodb.aws_dynamodb_table.inventory",
            "module.dynamodb.aws_dynamodb_table.orders",
            "module.lambda_processor.aws_iam_role.processor_exec"
          ]
        }
      ]
    },
    {
      "module": "module.sqs",
      "mode": "managed",
      "type": "aws_sqs_queue",
      "name": "dlq",
      "provider": "provider[\"registry.terraform.io/hashicorp/aws\"]",
      "instances": [
        {
          "schema_version": 0,
          "attributes": {
            "arn": "arn:aws:sqs:us-east-1:688933602116:order-pipeline-orders-dev-dlq",
            "content_based_deduplication": false,
            "deduplication_scope": "",
            "delay_seconds": 0,
            "fifo_queue": false,
            "fifo_throughput_limit": "",
            "id": "https://sqs.us-east-1.amazonaws.com/688933602116/order-pipeline-orders-dev-dlq",
            "kms_data_key_reuse_period_seconds": 300,
            "kms_master_key_id": "",
            "max_message_size": 262144,
            "message_retention_seconds": 1209600,
            "name": "order-pipeline-orders-dev-dlq",
            "name_prefix": "",
            "policy": "",
            "receive_wait_time_seconds": 0,
            "redrive_allow_policy": "",
            "redrive_policy": "",
            "sqs_managed_sse_enabled": true,
            "tags": {
              "Name": "order-pipeline-orders-dev-dlq"
            },
            "tags_all": {
              "Environment": "dev",
              "ManagedBy": "Terraform",
              "Name": "order-pipeline-orders-dev-dlq",
              "Project": "order-pipeline"
            },
            "timeouts": null,
            "url": "https://sqs.us-east-1.amazonaws.com/688933602116/order-pipeline-orders-dev-dlq",
            "visibility_timeout_seconds": 30
          },
          "sensitive_attributes": [],
          "identity_schema_version": 0,
          "private": "eyJlMmJmYjczMC1lY2FhLTExZTYtOGY4OC0zNDM2M2JjN2M0YzAiOnsiY3JlYXRlIjoxODAwMDAwMDAwMDAsImRlbGV0ZSI6MTgwMDAwMDAwMDAwLCJ1cGRhdGUiOjE4MDAwMDAwMDAwMH19",
          "create_before_destroy": true
        }
      ]
    },
    {
      "module": "module.sqs",
      "mode": "managed",
      "type": "aws_sqs_queue",
      "name": "orders",
      "provider": "provider[\"registry.terraform.io/hashicorp/aws\"]",
      "instances": [
        {
          "schema_version": 0,
          "attributes": {
            "arn": "arn:aws:sqs:us-east-1:688933602116:order-pipeline-orders-dev",
            "content_based_deduplication": false,
            "deduplication_scope": "",
            "delay_seconds": 0,
            "fifo_queue": false,
            "fifo_throughput_limit": "",
            "id": "https://sqs.us-east-1.amazonaws.com/688933602116/order-pipeline-orders-dev",
            "kms_data_key_reuse_period_seconds": 300,
            "kms_master_key_id": "",
            "max_message_size": 262144,
            "message_retention_seconds": 345600,
            "name": "order-pipeline-orders-dev",
            "name_prefix": "",
            "policy": "",
            "receive_wait_time_seconds": 0,
            "redrive_allow_policy": "",
            "redrive_policy": "{\"deadLetterTargetArn\":\"arn:aws:sqs:us-east-1:688933602116:order-pipeline-orders-dev-dlq\",\"maxReceiveCount\":3}",
            "sqs_managed_sse_enabled": true,
            "tags": {
              "Name": "order-pipeline-orders-dev"
            },
            "tags_all": {
              "Environment": "dev",
              "ManagedBy": "Terraform",
              "Name": "order-pipeline-orders-dev",
              "Project": "order-pipeline"
            },
            "timeouts": null,
            "url": "https://sqs.us-east-1.amazonaws.com/688933602116/order-pipeline-orders-dev",
            "visibility_timeout_seconds": 60
          },
          "sensitive_attributes": [],
          "identity_schema_version": 0,
          "private": "eyJlMmJmYjczMC1lY2FhLTExZTYtOGY4OC0zNDM2M2JjN2M0YzAiOnsiY3JlYXRlIjoxODAwMDAwMDAwMDAsImRlbGV0ZSI6MTgwMDAwMDAwMDAwLCJ1cGRhdGUiOjE4MDAwMDAwMDAwMH19",
          "dependencies": [
            "module.sqs.aws_sqs_queue.dlq"
          ],
          "create_before_destroy": true
        }
      ]
    }
  ],
  "check_results": [
    {
      "object_kind": "var",
      "config_addr": "var.environment",
      "status": "pass",
      "objects": [
        {
          "object_addr": "var.environment",
          "status": "pass"
        }
      ]
    }
  ]
}
